// !$*UTF8*$!
{
	archiveVersion = 1;
	classes = {
	};
	objectVersion = 46;
	objects = {

/* Begin PBXBuildFile section */
		1AC6FB21180E996B004C840B /* libcocos2d Mac.a in Frameworks */ = {isa = PBXBuildFile; fileRef = 1AC6FAF9180E9839004C840B /* libcocos2d Mac.a */; };
		1AC6FB30180E99EB004C840B /* libcocos2d iOS.a in Frameworks */ = {isa = PBXBuildFile; fileRef = 1AC6FB07180E9839004C840B /* libcocos2d iOS.a */; };
		1D60589F0D05DD5A006BFB54 /* Foundation.framework in Frameworks */ = {isa = PBXBuildFile; fileRef = 1D30AB110D05D00D00671497 /* Foundation.framework */; };
		1DF5F4E00D08C38300B7A737 /* UIKit.framework in Frameworks */ = {isa = PBXBuildFile; fileRef = 1DF5F4DF0D08C38300B7A737 /* UIKit.framework */; };
		288765A50DF7441C002DB57D /* CoreGraphics.framework in Frameworks */ = {isa = PBXBuildFile; fileRef = 288765A40DF7441C002DB57D /* CoreGraphics.framework */; };
		294D0D641D0D56D500F7F5D4 /* CoreText.framework in Frameworks */ = {isa = PBXBuildFile; fileRef = 294D0D631D0D56D500F7F5D4 /* CoreText.framework */; };
		3EACC98F19EE6D4300EB3C5E /* res in Resources */ = {isa = PBXBuildFile; fileRef = 3EACC98E19EE6D4300EB3C5E /* res */; };
		3EACC99019EE6D4300EB3C5E /* res in Resources */ = {isa = PBXBuildFile; fileRef = 3EACC98E19EE6D4300EB3C5E /* res */; };
		46880B7B19C43A67006E1F66 /* CloseNormal.png in Resources */ = {isa = PBXBuildFile; fileRef = 46880B7619C43A67006E1F66 /* CloseNormal.png */; };
		46880B7C19C43A67006E1F66 /* CloseNormal.png in Resources */ = {isa = PBXBuildFile; fileRef = 46880B7619C43A67006E1F66 /* CloseNormal.png */; };
		46880B7D19C43A67006E1F66 /* CloseSelected.png in Resources */ = {isa = PBXBuildFile; fileRef = 46880B7719C43A67006E1F66 /* CloseSelected.png */; };
		46880B7E19C43A67006E1F66 /* CloseSelected.png in Resources */ = {isa = PBXBuildFile; fileRef = 46880B7719C43A67006E1F66 /* CloseSelected.png */; };
		46880B8119C43A67006E1F66 /* HelloWorld.png in Resources */ = {isa = PBXBuildFile; fileRef = 46880B7A19C43A67006E1F66 /* HelloWorld.png */; };
		46880B8219C43A67006E1F66 /* HelloWorld.png in Resources */ = {isa = PBXBuildFile; fileRef = 46880B7A19C43A67006E1F66 /* HelloWorld.png */; };
		46880B8819C43A87006E1F66 /* AppDelegate.cpp in Sources */ = {isa = PBXBuildFile; fileRef = 46880B8419C43A87006E1F66 /* AppDelegate.cpp */; };
		46880B8919C43A87006E1F66 /* AppDelegate.cpp in Sources */ = {isa = PBXBuildFile; fileRef = 46880B8419C43A87006E1F66 /* AppDelegate.cpp */; };
		46880B8A19C43A87006E1F66 /* HelloWorldScene.cpp in Sources */ = {isa = PBXBuildFile; fileRef = 46880B8619C43A87006E1F66 /* HelloWorldScene.cpp */; };
		46880B8B19C43A87006E1F66 /* HelloWorldScene.cpp in Sources */ = {isa = PBXBuildFile; fileRef = 46880B8619C43A87006E1F66 /* HelloWorldScene.cpp */; };
		503AE0F817EB97AB00D1A890 /* Icon.icns in Resources */ = {isa = PBXBuildFile; fileRef = 503AE0F617EB97AB00D1A890 /* Icon.icns */; };
		503AE10017EB989F00D1A890 /* AppController.mm in Sources */ = {isa = PBXBuildFile; fileRef = 503AE0FB17EB989F00D1A890 /* AppController.mm */; };
		503AE10117EB989F00D1A890 /* main.m in Sources */ = {isa = PBXBuildFile; fileRef = 503AE0FC17EB989F00D1A890 /* main.m */; };
		503AE10217EB989F00D1A890 /* RootViewController.mm in Sources */ = {isa = PBXBuildFile; fileRef = 503AE0FF17EB989F00D1A890 /* RootViewController.mm */; };
		503AE10517EB98FF00D1A890 /* main.cpp in Sources */ = {isa = PBXBuildFile; fileRef = 503AE10317EB98FF00D1A890 /* main.cpp */; };
		503AE11B17EB9C5A00D1A890 /* IOKit.framework in Frameworks */ = {isa = PBXBuildFile; fileRef = 503AE11A17EB9C5A00D1A890 /* IOKit.framework */; };
		5087E76317EB910900C73F5D /* Foundation.framework in Frameworks */ = {isa = PBXBuildFile; fileRef = 1D30AB110D05D00D00671497 /* Foundation.framework */; };
		5087E76717EB910900C73F5D /* libz.dylib in Frameworks */ = {isa = PBXBuildFile; fileRef = BF170DB412928DE900B8313A /* libz.dylib */; };
		5087E76817EB910900C73F5D /* QuartzCore.framework in Frameworks */ = {isa = PBXBuildFile; fileRef = BF1C47EA1293683800B63C5D /* QuartzCore.framework */; };
		5087E76917EB910900C73F5D /* OpenAL.framework in Frameworks */ = {isa = PBXBuildFile; fileRef = D44C620B132DFF330009C878 /* OpenAL.framework */; };
		5087E76A17EB910900C73F5D /* AVFoundation.framework in Frameworks */ = {isa = PBXBuildFile; fileRef = D44C620D132DFF430009C878 /* AVFoundation.framework */; };
		5087E76B17EB910900C73F5D /* AudioToolbox.framework in Frameworks */ = {isa = PBXBuildFile; fileRef = D44C620F132DFF4E0009C878 /* AudioToolbox.framework */; };
		5087E77E17EB970100C73F5D /* Default.png in Resources */ = {isa = PBXBuildFile; fileRef = 5087E77317EB970100C73F5D /* Default.png */; };
		5087E77F17EB970100C73F5D /* Default@2x.png in Resources */ = {isa = PBXBuildFile; fileRef = 5087E77417EB970100C73F5D /* Default@2x.png */; };
		5087E78917EB974C00C73F5D /* AppKit.framework in Frameworks */ = {isa = PBXBuildFile; fileRef = 5087E78817EB974C00C73F5D /* AppKit.framework */; };
		5087E78B17EB975400C73F5D /* OpenGL.framework in Frameworks */ = {isa = PBXBuildFile; fileRef = 5087E78A17EB975400C73F5D /* OpenGL.framework */; };
		521A8EA919F11F5000D177D7 /* fonts in Resources */ = {isa = PBXBuildFile; fileRef = 521A8EA819F11F5000D177D7 /* fonts */; };
		521A8EAA19F11F5000D177D7 /* fonts in Resources */ = {isa = PBXBuildFile; fileRef = 521A8EA819F11F5000D177D7 /* fonts */; };
		52B47A471A53D09C004E4C60 /* Security.framework in Frameworks */ = {isa = PBXBuildFile; fileRef = 52B47A461A53D09B004E4C60 /* Security.framework */; };
		601CAAF51E0A9062003BCC41 /* TouchUI.cpp in Sources */ = {isa = PBXBuildFile; fileRef = 601CAAF31E0A9062003BCC41 /* TouchUI.cpp */; };
		601CAAF61E0A9062003BCC41 /* TouchUI.cpp in Sources */ = {isa = PBXBuildFile; fileRef = 601CAAF31E0A9062003BCC41 /* TouchUI.cpp */; };
		601CAAFB1E0A94DB003BCC41 /* TouchDelegateView.cpp in Sources */ = {isa = PBXBuildFile; fileRef = 601CAAF91E0A94DB003BCC41 /* TouchDelegateView.cpp */; };
		601CAAFC1E0A94DB003BCC41 /* TouchDelegateView.cpp in Sources */ = {isa = PBXBuildFile; fileRef = 601CAAF91E0A94DB003BCC41 /* TouchDelegateView.cpp */; };
		601CAAFF1E0A9537003BCC41 /* CommonUtils.cpp in Sources */ = {isa = PBXBuildFile; fileRef = 601CAAFD1E0A9537003BCC41 /* CommonUtils.cpp */; };
		601CAB001E0A9537003BCC41 /* CommonUtils.cpp in Sources */ = {isa = PBXBuildFile; fileRef = 601CAAFD1E0A9537003BCC41 /* CommonUtils.cpp */; };
		607A94011E0A58C700473E9F /* Common in Resources */ = {isa = PBXBuildFile; fileRef = 607A94001E0A58C700473E9F /* Common */; };
		607A94021E0A58C700473E9F /* Common in Resources */ = {isa = PBXBuildFile; fileRef = 607A94001E0A58C700473E9F /* Common */; };
		607B6AAA1E265E0900C3052B /* Player.cpp in Sources */ = {isa = PBXBuildFile; fileRef = 607B6AA81E265E0900C3052B /* Player.cpp */; };
		607B6AAB1E265E0900C3052B /* Player.cpp in Sources */ = {isa = PBXBuildFile; fileRef = 607B6AA81E265E0900C3052B /* Player.cpp */; };
		607FD08A1E0961CF003798E2 /* GameLoadingScene.cpp in Sources */ = {isa = PBXBuildFile; fileRef = 607FD0881E0961CF003798E2 /* GameLoadingScene.cpp */; };
		607FD08B1E0961CF003798E2 /* GameLoadingScene.cpp in Sources */ = {isa = PBXBuildFile; fileRef = 607FD0881E0961CF003798E2 /* GameLoadingScene.cpp */; };
		607FD0961E096AD0003798E2 /* CCBLoadHelper.cpp in Sources */ = {isa = PBXBuildFile; fileRef = 607FD0941E096AD0003798E2 /* CCBLoadHelper.cpp */; };
		607FD0971E096AD0003798E2 /* CCBLoadHelper.cpp in Sources */ = {isa = PBXBuildFile; fileRef = 607FD0941E096AD0003798E2 /* CCBLoadHelper.cpp */; };
		607FD0991E097D6B003798E2 /* ccbi in Resources */ = {isa = PBXBuildFile; fileRef = 607FD0981E097D6B003798E2 /* ccbi */; };
		607FD09A1E097D6B003798E2 /* ccbi in Resources */ = {isa = PBXBuildFile; fileRef = 607FD0981E097D6B003798E2 /* ccbi */; };
		607FDE981E2F3DA50028FE64 /* TestHouseScene.cpp in Sources */ = {isa = PBXBuildFile; fileRef = 607FDE941E2F3DA50028FE64 /* TestHouseScene.cpp */; };
		607FDE991E2F3DA50028FE64 /* TestHouseScene.cpp in Sources */ = {isa = PBXBuildFile; fileRef = 607FDE941E2F3DA50028FE64 /* TestHouseScene.cpp */; };
		607FDE9A1E2F3DA50028FE64 /* WorldScene.cpp in Sources */ = {isa = PBXBuildFile; fileRef = 607FDE961E2F3DA50028FE64 /* WorldScene.cpp */; };
		607FDE9B1E2F3DA50028FE64 /* WorldScene.cpp in Sources */ = {isa = PBXBuildFile; fileRef = 607FDE961E2F3DA50028FE64 /* WorldScene.cpp */; };
		607FDE9E1E2F3DF00028FE64 /* SceneModel.cpp in Sources */ = {isa = PBXBuildFile; fileRef = 607FDE9C1E2F3DF00028FE64 /* SceneModel.cpp */; };
		607FDE9F1E2F3DF00028FE64 /* SceneModel.cpp in Sources */ = {isa = PBXBuildFile; fileRef = 607FDE9C1E2F3DF00028FE64 /* SceneModel.cpp */; };
		607FDEA41E2F86970028FE64 /* HouseScene_55.cpp in Sources */ = {isa = PBXBuildFile; fileRef = 607FDEA21E2F86970028FE64 /* HouseScene_55.cpp */; };
		607FDEA51E2F86970028FE64 /* HouseScene_55.cpp in Sources */ = {isa = PBXBuildFile; fileRef = 607FDEA21E2F86970028FE64 /* HouseScene_55.cpp */; };
		608120D41E2CCDC0004C3372 /* Building.cpp in Sources */ = {isa = PBXBuildFile; fileRef = 608120D01E2CCDC0004C3372 /* Building.cpp */; };
		608120D51E2CCDC0004C3372 /* Building.cpp in Sources */ = {isa = PBXBuildFile; fileRef = 608120D01E2CCDC0004C3372 /* Building.cpp */; };
		608120D61E2CCDC0004C3372 /* House.cpp in Sources */ = {isa = PBXBuildFile; fileRef = 608120D21E2CCDC0004C3372 /* House.cpp */; };
		608120D71E2CCDC0004C3372 /* House.cpp in Sources */ = {isa = PBXBuildFile; fileRef = 608120D21E2CCDC0004C3372 /* House.cpp */; };
		608120DA1E2CD37E004C3372 /* HomeBuilding.cpp in Sources */ = {isa = PBXBuildFile; fileRef = 608120D81E2CD37E004C3372 /* HomeBuilding.cpp */; };
		608120DB1E2CD37E004C3372 /* HomeBuilding.cpp in Sources */ = {isa = PBXBuildFile; fileRef = 608120D81E2CD37E004C3372 /* HomeBuilding.cpp */; };
		608120DE1E2CD598004C3372 /* VirtualBuild.cpp in Sources */ = {isa = PBXBuildFile; fileRef = 608120DC1E2CD598004C3372 /* VirtualBuild.cpp */; };
		608120DF1E2CD598004C3372 /* VirtualBuild.cpp in Sources */ = {isa = PBXBuildFile; fileRef = 608120DC1E2CD598004C3372 /* VirtualBuild.cpp */; };
		6084F6321E27637C00DA07AB /* Goods.cpp in Sources */ = {isa = PBXBuildFile; fileRef = 6084F6301E27637C00DA07AB /* Goods.cpp */; };
		6084F6331E27637C00DA07AB /* Goods.cpp in Sources */ = {isa = PBXBuildFile; fileRef = 6084F6301E27637C00DA07AB /* Goods.cpp */; };
		6084F6371E276E1600DA07AB /* Book.cpp in Sources */ = {isa = PBXBuildFile; fileRef = 6084F6351E276E1600DA07AB /* Book.cpp */; };
		6084F6381E276E1600DA07AB /* Book.cpp in Sources */ = {isa = PBXBuildFile; fileRef = 6084F6351E276E1600DA07AB /* Book.cpp */; };
		6084F63D1E27AB5200DA07AB /* BookCreateView.cpp in Sources */ = {isa = PBXBuildFile; fileRef = 6084F63B1E27AB5200DA07AB /* BookCreateView.cpp */; };
		6084F63E1E27AB5200DA07AB /* BookCreateView.cpp in Sources */ = {isa = PBXBuildFile; fileRef = 6084F63B1E27AB5200DA07AB /* BookCreateView.cpp */; };
		608609531E250D4200AEA9B5 /* NPCRole.cpp in Sources */ = {isa = PBXBuildFile; fileRef = 608609511E250D4200AEA9B5 /* NPCRole.cpp */; };
		608609541E250D4200AEA9B5 /* NPCRole.cpp in Sources */ = {isa = PBXBuildFile; fileRef = 608609511E250D4200AEA9B5 /* NPCRole.cpp */; };
		60871F7B1E12781600C58C79 /* EquipView.cpp in Sources */ = {isa = PBXBuildFile; fileRef = 60871F791E12781600C58C79 /* EquipView.cpp */; };
		60871F7C1E12781600C58C79 /* EquipView.cpp in Sources */ = {isa = PBXBuildFile; fileRef = 60871F791E12781600C58C79 /* EquipView.cpp */; };
		6088CC9C1E1E1F8100345904 /* RapidXMLParser.cpp in Sources */ = {isa = PBXBuildFile; fileRef = 6088CC9A1E1E1F8100345904 /* RapidXMLParser.cpp */; };
		6088CC9D1E1E1F8100345904 /* RapidXMLParser.cpp in Sources */ = {isa = PBXBuildFile; fileRef = 6088CC9A1E1E1F8100345904 /* RapidXMLParser.cpp */; };
		6088CCA41E1E260300345904 /* data in Resources */ = {isa = PBXBuildFile; fileRef = 6088CCA31E1E260300345904 /* data */; };
		6088CCA51E1E260300345904 /* data in Resources */ = {isa = PBXBuildFile; fileRef = 6088CCA31E1E260300345904 /* data */; };
		6088CCB51E1E443F00345904 /* Equip.cpp in Sources */ = {isa = PBXBuildFile; fileRef = 6088CCAF1E1E443F00345904 /* Equip.cpp */; };
		6088CCB61E1E443F00345904 /* Equip.cpp in Sources */ = {isa = PBXBuildFile; fileRef = 6088CCAF1E1E443F00345904 /* Equip.cpp */; };
		6088CCB71E1E443F00345904 /* BodyEquip.cpp in Sources */ = {isa = PBXBuildFile; fileRef = 6088CCB11E1E443F00345904 /* BodyEquip.cpp */; };
		6088CCB81E1E443F00345904 /* BodyEquip.cpp in Sources */ = {isa = PBXBuildFile; fileRef = 6088CCB11E1E443F00345904 /* BodyEquip.cpp */; };
		6088CCB91E1E443F00345904 /* Weapon.cpp in Sources */ = {isa = PBXBuildFile; fileRef = 6088CCB31E1E443F00345904 /* Weapon.cpp */; };
		6088CCBA1E1E443F00345904 /* Weapon.cpp in Sources */ = {isa = PBXBuildFile; fileRef = 6088CCB31E1E443F00345904 /* Weapon.cpp */; };
		608ADE5C1E1CD3C80095EDB8 /* TouchNode.cpp in Sources */ = {isa = PBXBuildFile; fileRef = 608ADE5A1E1CD3C80095EDB8 /* TouchNode.cpp */; };
		608ADE5D1E1CD3C80095EDB8 /* TouchNode.cpp in Sources */ = {isa = PBXBuildFile; fileRef = 608ADE5A1E1CD3C80095EDB8 /* TouchNode.cpp */; };
		608CB4351E30B7C800467B42 /* sqlite3.c in Sources */ = {isa = PBXBuildFile; fileRef = 608CB4331E30B7C800467B42 /* sqlite3.c */; };
		608CB4361E30B7C800467B42 /* sqlite3.c in Sources */ = {isa = PBXBuildFile; fileRef = 608CB4331E30B7C800467B42 /* sqlite3.c */; };
		608CB43A1E30C18B00467B42 /* SqliteHelper.cpp in Sources */ = {isa = PBXBuildFile; fileRef = 608CB4381E30C18B00467B42 /* SqliteHelper.cpp */; };
		608CB43B1E30C18B00467B42 /* SqliteHelper.cpp in Sources */ = {isa = PBXBuildFile; fileRef = 608CB4381E30C18B00467B42 /* SqliteHelper.cpp */; };
		609D5CFD1E16575600752DFC /* ResourseController.cpp in Sources */ = {isa = PBXBuildFile; fileRef = 609D5CFB1E16575600752DFC /* ResourseController.cpp */; };
		609D5CFE1E16575600752DFC /* ResourseController.cpp in Sources */ = {isa = PBXBuildFile; fileRef = 609D5CFB1E16575600752DFC /* ResourseController.cpp */; };
		609D5D031E165A2900752DFC /* Wood.cpp in Sources */ = {isa = PBXBuildFile; fileRef = 609D5D011E165A2900752DFC /* Wood.cpp */; };
		609D5D041E165A2900752DFC /* Wood.cpp in Sources */ = {isa = PBXBuildFile; fileRef = 609D5D011E165A2900752DFC /* Wood.cpp */; };
		609D5D071E165A3A00752DFC /* Resourse.cpp in Sources */ = {isa = PBXBuildFile; fileRef = 609D5D051E165A3A00752DFC /* Resourse.cpp */; };
		609D5D081E165A3A00752DFC /* Resourse.cpp in Sources */ = {isa = PBXBuildFile; fileRef = 609D5D051E165A3A00752DFC /* Resourse.cpp */; };
		609EC7091E2DC52300B7ADF9 /* BuildingView.cpp in Sources */ = {isa = PBXBuildFile; fileRef = 609EC7071E2DC52300B7ADF9 /* BuildingView.cpp */; };
		609EC70A1E2DC52300B7ADF9 /* BuildingView.cpp in Sources */ = {isa = PBXBuildFile; fileRef = 609EC7071E2DC52300B7ADF9 /* BuildingView.cpp */; };
		609EC70E1E2DF33100B7ADF9 /* UsedRes.cpp in Sources */ = {isa = PBXBuildFile; fileRef = 609EC70C1E2DF33100B7ADF9 /* UsedRes.cpp */; };
		609EC70F1E2DF33100B7ADF9 /* UsedRes.cpp in Sources */ = {isa = PBXBuildFile; fileRef = 609EC70C1E2DF33100B7ADF9 /* UsedRes.cpp */; };
		609EC7131E2E0B1300B7ADF9 /* ConfirmNumberView.cpp in Sources */ = {isa = PBXBuildFile; fileRef = 609EC7111E2E0B1300B7ADF9 /* ConfirmNumberView.cpp */; };
		609EC7141E2E0B1300B7ADF9 /* ConfirmNumberView.cpp in Sources */ = {isa = PBXBuildFile; fileRef = 609EC7111E2E0B1300B7ADF9 /* ConfirmNumberView.cpp */; };
		60A1A0611E34AB00000173E1 /* Tree.cpp in Sources */ = {isa = PBXBuildFile; fileRef = 60A1A05F1E34AB00000173E1 /* Tree.cpp */; };
		60A1A0621E34AB00000173E1 /* Tree.cpp in Sources */ = {isa = PBXBuildFile; fileRef = 60A1A05F1E34AB00000173E1 /* Tree.cpp */; };
		60A1A0651E34AB8F000173E1 /* MapRes.cpp in Sources */ = {isa = PBXBuildFile; fileRef = 60A1A0631E34AB8F000173E1 /* MapRes.cpp */; };
		60A1A0661E34AB8F000173E1 /* MapRes.cpp in Sources */ = {isa = PBXBuildFile; fileRef = 60A1A0631E34AB8F000173E1 /* MapRes.cpp */; };
		60ABC2A81E13D65C00C8ECAF /* SceneController.cpp in Sources */ = {isa = PBXBuildFile; fileRef = 60ABC2A61E13D65C00C8ECAF /* SceneController.cpp */; };
		60ABC2A91E13D65C00C8ECAF /* SceneController.cpp in Sources */ = {isa = PBXBuildFile; fileRef = 60ABC2A61E13D65C00C8ECAF /* SceneController.cpp */; };
		60ABC2AC1E13EE1000C8ECAF /* ActionRole.cpp in Sources */ = {isa = PBXBuildFile; fileRef = 60ABC2AA1E13EE1000C8ECAF /* ActionRole.cpp */; };
		60ABC2AD1E13EE1000C8ECAF /* ActionRole.cpp in Sources */ = {isa = PBXBuildFile; fileRef = 60ABC2AA1E13EE1000C8ECAF /* ActionRole.cpp */; };
		60B6B5701DF94FB40069A07A /* image in Resources */ = {isa = PBXBuildFile; fileRef = 60B6B56F1DF94FB40069A07A /* image */; };
		60B6B5711DF94FB40069A07A /* image in Resources */ = {isa = PBXBuildFile; fileRef = 60B6B56F1DF94FB40069A07A /* image */; };
		60B6B5781DF959330069A07A /* icon.png in Resources */ = {isa = PBXBuildFile; fileRef = 60B6B5771DF959330069A07A /* icon.png */; };
		60B6B5791DF959330069A07A /* icon.png in Resources */ = {isa = PBXBuildFile; fileRef = 60B6B5771DF959330069A07A /* icon.png */; };
		60B8B6091E0B710C00371D5D /* Role.cpp in Sources */ = {isa = PBXBuildFile; fileRef = 60B8B6071E0B710C00371D5D /* Role.cpp */; };
		60B8B60A1E0B710C00371D5D /* Role.cpp in Sources */ = {isa = PBXBuildFile; fileRef = 60B8B6071E0B710C00371D5D /* Role.cpp */; };
		60B8B6141E0BD3F100371D5D /* PlayerController.cpp in Sources */ = {isa = PBXBuildFile; fileRef = 60B8B6121E0BD3F100371D5D /* PlayerController.cpp */; };
		60B8B6151E0BD3F100371D5D /* PlayerController.cpp in Sources */ = {isa = PBXBuildFile; fileRef = 60B8B6121E0BD3F100371D5D /* PlayerController.cpp */; };
		60B8FC611E11114B0056EF94 /* RolesController.cpp in Sources */ = {isa = PBXBuildFile; fileRef = 60B8FC5F1E11114B0056EF94 /* RolesController.cpp */; };
		60B8FC621E11114B0056EF94 /* RolesController.cpp in Sources */ = {isa = PBXBuildFile; fileRef = 60B8FC5F1E11114B0056EF94 /* RolesController.cpp */; };
		8262943E1AAF051F00CB7CF7 /* Security.framework in Frameworks */ = {isa = PBXBuildFile; fileRef = 8262943D1AAF051F00CB7CF7 /* Security.framework */; };
		BF171245129291EC00B8313A /* OpenGLES.framework in Frameworks */ = {isa = PBXBuildFile; fileRef = BF170DB012928DE900B8313A /* OpenGLES.framework */; };
		BF1712471292920000B8313A /* libz.dylib in Frameworks */ = {isa = PBXBuildFile; fileRef = BF170DB412928DE900B8313A /* libz.dylib */; };
		BF1C47F01293687400B63C5D /* QuartzCore.framework in Frameworks */ = {isa = PBXBuildFile; fileRef = BF1C47EA1293683800B63C5D /* QuartzCore.framework */; };
		D44C620C132DFF330009C878 /* OpenAL.framework in Frameworks */ = {isa = PBXBuildFile; fileRef = D44C620B132DFF330009C878 /* OpenAL.framework */; };
		D44C620E132DFF430009C878 /* AVFoundation.framework in Frameworks */ = {isa = PBXBuildFile; fileRef = D44C620D132DFF430009C878 /* AVFoundation.framework */; };
		D44C6210132DFF4E0009C878 /* AudioToolbox.framework in Frameworks */ = {isa = PBXBuildFile; fileRef = D44C620F132DFF4E0009C878 /* AudioToolbox.framework */; };
		D6B0611B1803AB670077942B /* CoreMotion.framework in Frameworks */ = {isa = PBXBuildFile; fileRef = D6B0611A1803AB670077942B /* CoreMotion.framework */; };
		ED545A7C1B68A1F400C3958E /* libiconv.dylib in Frameworks */ = {isa = PBXBuildFile; fileRef = ED545A7B1B68A1F400C3958E /* libiconv.dylib */; };
		ED545A7E1B68A1FA00C3958E /* libiconv.dylib in Frameworks */ = {isa = PBXBuildFile; fileRef = ED545A7D1B68A1FA00C3958E /* libiconv.dylib */; };
/* End PBXBuildFile section */

/* Begin PBXContainerItemProxy section */
		1AC6FAF8180E9839004C840B /* PBXContainerItemProxy */ = {
			isa = PBXContainerItemProxy;
			containerPortal = 1AC6FAE5180E9839004C840B /* cocos2d_libs.xcodeproj */;
			proxyType = 2;
			remoteGlobalIDString = 1551A33F158F2AB200E66CFE;
			remoteInfo = "cocos2dx Mac";
		};
		1AC6FB06180E9839004C840B /* PBXContainerItemProxy */ = {
			isa = PBXContainerItemProxy;
			containerPortal = 1AC6FAE5180E9839004C840B /* cocos2d_libs.xcodeproj */;
			proxyType = 2;
			remoteGlobalIDString = A07A4D641783777C0073F6A7;
			remoteInfo = "cocos2dx iOS";
		};
		1AC6FB15180E9959004C840B /* PBXContainerItemProxy */ = {
			isa = PBXContainerItemProxy;
			containerPortal = 1AC6FAE5180E9839004C840B /* cocos2d_libs.xcodeproj */;
			proxyType = 1;
			remoteGlobalIDString = 1551A33E158F2AB200E66CFE;
			remoteInfo = "cocos2dx Mac";
		};
		1AC6FB24180E99E1004C840B /* PBXContainerItemProxy */ = {
			isa = PBXContainerItemProxy;
			containerPortal = 1AC6FAE5180E9839004C840B /* cocos2d_libs.xcodeproj */;
			proxyType = 1;
			remoteGlobalIDString = A07A4C241783777C0073F6A7;
			remoteInfo = "cocos2dx iOS";
		};
		60B6B56D1DF94D9B0069A07A /* PBXContainerItemProxy */ = {
			isa = PBXContainerItemProxy;
			containerPortal = 1AC6FAE5180E9839004C840B /* cocos2d_libs.xcodeproj */;
			proxyType = 2;
			remoteGlobalIDString = 507B40FD1C31BDD30067B53E;
			remoteInfo = "libcocos2d tvOS";
		};
/* End PBXContainerItemProxy section */

/* Begin PBXFileReference section */
		1AC6FAE5180E9839004C840B /* cocos2d_libs.xcodeproj */ = {isa = PBXFileReference; lastKnownFileType = "wrapper.pb-project"; name = cocos2d_libs.xcodeproj; path = ../cocos2d/build/cocos2d_libs.xcodeproj; sourceTree = "<group>"; };
		1ACB3243164770DE00914215 /* libcurl.a */ = {isa = PBXFileReference; lastKnownFileType = archive.ar; name = libcurl.a; path = ../../cocos2dx/platform/third_party/ios/libraries/libcurl.a; sourceTree = "<group>"; };
		1D30AB110D05D00D00671497 /* Foundation.framework */ = {isa = PBXFileReference; lastKnownFileType = wrapper.framework; name = Foundation.framework; path = System/Library/Frameworks/Foundation.framework; sourceTree = SDKROOT; };
		1D6058910D05DD3D006BFB54 /* IF.app */ = {isa = PBXFileReference; explicitFileType = wrapper.application; includeInIndex = 0; path = IF.app; sourceTree = BUILT_PRODUCTS_DIR; };
		1DF5F4DF0D08C38300B7A737 /* UIKit.framework */ = {isa = PBXFileReference; lastKnownFileType = wrapper.framework; name = UIKit.framework; path = System/Library/Frameworks/UIKit.framework; sourceTree = SDKROOT; };
		288765A40DF7441C002DB57D /* CoreGraphics.framework */ = {isa = PBXFileReference; lastKnownFileType = wrapper.framework; name = CoreGraphics.framework; path = System/Library/Frameworks/CoreGraphics.framework; sourceTree = SDKROOT; };
		294D0D631D0D56D500F7F5D4 /* CoreText.framework */ = {isa = PBXFileReference; lastKnownFileType = wrapper.framework; name = CoreText.framework; path = Platforms/iPhoneOS.platform/Developer/SDKs/iPhoneOS9.3.sdk/System/Library/Frameworks/CoreText.framework; sourceTree = DEVELOPER_DIR; };
		3EACC98E19EE6D4300EB3C5E /* res */ = {isa = PBXFileReference; lastKnownFileType = folder; path = res; sourceTree = "<group>"; };
		46880B7619C43A67006E1F66 /* CloseNormal.png */ = {isa = PBXFileReference; lastKnownFileType = image.png; path = CloseNormal.png; sourceTree = "<group>"; };
		46880B7719C43A67006E1F66 /* CloseSelected.png */ = {isa = PBXFileReference; lastKnownFileType = image.png; path = CloseSelected.png; sourceTree = "<group>"; };
		46880B7A19C43A67006E1F66 /* HelloWorld.png */ = {isa = PBXFileReference; lastKnownFileType = image.png; path = HelloWorld.png; sourceTree = "<group>"; };
		46880B8419C43A87006E1F66 /* AppDelegate.cpp */ = {isa = PBXFileReference; fileEncoding = 4; lastKnownFileType = sourcecode.cpp.cpp; path = AppDelegate.cpp; sourceTree = "<group>"; };
		46880B8519C43A87006E1F66 /* AppDelegate.h */ = {isa = PBXFileReference; fileEncoding = 4; lastKnownFileType = sourcecode.c.h; path = AppDelegate.h; sourceTree = "<group>"; };
		46880B8619C43A87006E1F66 /* HelloWorldScene.cpp */ = {isa = PBXFileReference; fileEncoding = 4; lastKnownFileType = sourcecode.cpp.cpp; path = HelloWorldScene.cpp; sourceTree = "<group>"; };
		46880B8719C43A87006E1F66 /* HelloWorldScene.h */ = {isa = PBXFileReference; fileEncoding = 4; lastKnownFileType = sourcecode.c.h; path = HelloWorldScene.h; sourceTree = "<group>"; };
		503AE0F617EB97AB00D1A890 /* Icon.icns */ = {isa = PBXFileReference; lastKnownFileType = image.icns; path = Icon.icns; sourceTree = "<group>"; };
		503AE0F717EB97AB00D1A890 /* Info.plist */ = {isa = PBXFileReference; fileEncoding = 4; lastKnownFileType = text.plist.xml; path = Info.plist; sourceTree = "<group>"; };
		503AE0FA17EB989F00D1A890 /* AppController.h */ = {isa = PBXFileReference; fileEncoding = 4; lastKnownFileType = sourcecode.c.h; name = AppController.h; path = ios/AppController.h; sourceTree = SOURCE_ROOT; };
		503AE0FB17EB989F00D1A890 /* AppController.mm */ = {isa = PBXFileReference; fileEncoding = 4; lastKnownFileType = sourcecode.cpp.objcpp; name = AppController.mm; path = ios/AppController.mm; sourceTree = SOURCE_ROOT; };
		503AE0FC17EB989F00D1A890 /* main.m */ = {isa = PBXFileReference; fileEncoding = 4; lastKnownFileType = sourcecode.c.objc; name = main.m; path = ios/main.m; sourceTree = SOURCE_ROOT; };
		503AE0FD17EB989F00D1A890 /* Prefix.pch */ = {isa = PBXFileReference; fileEncoding = 4; lastKnownFileType = sourcecode.c.h; name = Prefix.pch; path = ios/Prefix.pch; sourceTree = SOURCE_ROOT; };
		503AE0FE17EB989F00D1A890 /* RootViewController.h */ = {isa = PBXFileReference; fileEncoding = 4; lastKnownFileType = sourcecode.c.h; name = RootViewController.h; path = ios/RootViewController.h; sourceTree = SOURCE_ROOT; };
		503AE0FF17EB989F00D1A890 /* RootViewController.mm */ = {isa = PBXFileReference; fileEncoding = 4; lastKnownFileType = sourcecode.cpp.objcpp; name = RootViewController.mm; path = ios/RootViewController.mm; sourceTree = SOURCE_ROOT; };
		503AE10317EB98FF00D1A890 /* main.cpp */ = {isa = PBXFileReference; fileEncoding = 4; lastKnownFileType = sourcecode.cpp.cpp; name = main.cpp; path = mac/main.cpp; sourceTree = "<group>"; };
		503AE10417EB98FF00D1A890 /* Prefix.pch */ = {isa = PBXFileReference; fileEncoding = 4; lastKnownFileType = sourcecode.c.h; name = Prefix.pch; path = mac/Prefix.pch; sourceTree = "<group>"; };
		503AE11117EB99EE00D1A890 /* libcurl.dylib */ = {isa = PBXFileReference; lastKnownFileType = "compiled.mach-o.dylib"; name = libcurl.dylib; path = usr/lib/libcurl.dylib; sourceTree = SDKROOT; };
		503AE11A17EB9C5A00D1A890 /* IOKit.framework */ = {isa = PBXFileReference; lastKnownFileType = wrapper.framework; name = IOKit.framework; path = System/Library/Frameworks/IOKit.framework; sourceTree = SDKROOT; };
		5087E76F17EB910900C73F5D /* IF-desktop.app */ = {isa = PBXFileReference; explicitFileType = wrapper.application; includeInIndex = 0; path = "IF-desktop.app"; sourceTree = BUILT_PRODUCTS_DIR; };
		5087E77317EB970100C73F5D /* Default.png */ = {isa = PBXFileReference; lastKnownFileType = image.png; path = Default.png; sourceTree = "<group>"; };
		5087E77417EB970100C73F5D /* Default@2x.png */ = {isa = PBXFileReference; lastKnownFileType = image.png; path = "Default@2x.png"; sourceTree = "<group>"; };
		5087E77C17EB970100C73F5D /* Info.plist */ = {isa = PBXFileReference; fileEncoding = 4; lastKnownFileType = text.plist.xml; path = Info.plist; sourceTree = "<group>"; };
		5087E78817EB974C00C73F5D /* AppKit.framework */ = {isa = PBXFileReference; lastKnownFileType = wrapper.framework; name = AppKit.framework; path = System/Library/Frameworks/AppKit.framework; sourceTree = SDKROOT; };
		5087E78A17EB975400C73F5D /* OpenGL.framework */ = {isa = PBXFileReference; lastKnownFileType = wrapper.framework; name = OpenGL.framework; path = System/Library/Frameworks/OpenGL.framework; sourceTree = SDKROOT; };
		521A8EA819F11F5000D177D7 /* fonts */ = {isa = PBXFileReference; lastKnownFileType = folder; path = fonts; sourceTree = "<group>"; };
		52B47A461A53D09B004E4C60 /* Security.framework */ = {isa = PBXFileReference; lastKnownFileType = wrapper.framework; name = Security.framework; path = Platforms/iPhoneOS.platform/Developer/SDKs/iPhoneOS8.1.sdk/System/Library/Frameworks/Security.framework; sourceTree = DEVELOPER_DIR; };
		601CAAF31E0A9062003BCC41 /* TouchUI.cpp */ = {isa = PBXFileReference; fileEncoding = 4; lastKnownFileType = sourcecode.cpp.cpp; path = TouchUI.cpp; sourceTree = "<group>"; };
		601CAAF41E0A9062003BCC41 /* TouchUI.h */ = {isa = PBXFileReference; fileEncoding = 4; lastKnownFileType = sourcecode.c.h; path = TouchUI.h; sourceTree = "<group>"; };
		601CAAF81E0A94DB003BCC41 /* CommonHead.h */ = {isa = PBXFileReference; fileEncoding = 4; lastKnownFileType = sourcecode.c.h; path = CommonHead.h; sourceTree = "<group>"; };
		601CAAF91E0A94DB003BCC41 /* TouchDelegateView.cpp */ = {isa = PBXFileReference; fileEncoding = 4; lastKnownFileType = sourcecode.cpp.cpp; path = TouchDelegateView.cpp; sourceTree = "<group>"; };
		601CAAFA1E0A94DB003BCC41 /* TouchDelegateView.hpp */ = {isa = PBXFileReference; fileEncoding = 4; lastKnownFileType = sourcecode.cpp.h; path = TouchDelegateView.hpp; sourceTree = "<group>"; };
		601CAAFD1E0A9537003BCC41 /* CommonUtils.cpp */ = {isa = PBXFileReference; fileEncoding = 4; lastKnownFileType = sourcecode.cpp.cpp; path = CommonUtils.cpp; sourceTree = "<group>"; };
		601CAAFE1E0A9537003BCC41 /* CommonUtils.hpp */ = {isa = PBXFileReference; fileEncoding = 4; lastKnownFileType = sourcecode.cpp.h; path = CommonUtils.hpp; sourceTree = "<group>"; };
		607A94001E0A58C700473E9F /* Common */ = {isa = PBXFileReference; lastKnownFileType = folder; path = Common; sourceTree = "<group>"; };
		607B6AA81E265E0900C3052B /* Player.cpp */ = {isa = PBXFileReference; fileEncoding = 4; lastKnownFileType = sourcecode.cpp.cpp; path = Player.cpp; sourceTree = "<group>"; };
		607B6AA91E265E0900C3052B /* Player.hpp */ = {isa = PBXFileReference; fileEncoding = 4; lastKnownFileType = sourcecode.cpp.h; path = Player.hpp; sourceTree = "<group>"; };
		607FD0881E0961CF003798E2 /* GameLoadingScene.cpp */ = {isa = PBXFileReference; fileEncoding = 4; lastKnownFileType = sourcecode.cpp.cpp; path = GameLoadingScene.cpp; sourceTree = "<group>"; };
		607FD0891E0961CF003798E2 /* GameLoadingScene.h */ = {isa = PBXFileReference; fileEncoding = 4; lastKnownFileType = sourcecode.c.h; path = GameLoadingScene.h; sourceTree = "<group>"; };
		607FD0941E096AD0003798E2 /* CCBLoadHelper.cpp */ = {isa = PBXFileReference; fileEncoding = 4; lastKnownFileType = sourcecode.cpp.cpp; path = CCBLoadHelper.cpp; sourceTree = "<group>"; };
		607FD0951E096AD0003798E2 /* CCBLoadHelper.hpp */ = {isa = PBXFileReference; fileEncoding = 4; lastKnownFileType = sourcecode.cpp.h; path = CCBLoadHelper.hpp; sourceTree = "<group>"; };
		607FD0981E097D6B003798E2 /* ccbi */ = {isa = PBXFileReference; lastKnownFileType = folder; path = ccbi; sourceTree = "<group>"; };
		607FDE941E2F3DA50028FE64 /* TestHouseScene.cpp */ = {isa = PBXFileReference; fileEncoding = 4; lastKnownFileType = sourcecode.cpp.cpp; path = TestHouseScene.cpp; sourceTree = "<group>"; };
		607FDE951E2F3DA50028FE64 /* TestHouseScene.hpp */ = {isa = PBXFileReference; fileEncoding = 4; lastKnownFileType = sourcecode.cpp.h; path = TestHouseScene.hpp; sourceTree = "<group>"; };
		607FDE961E2F3DA50028FE64 /* WorldScene.cpp */ = {isa = PBXFileReference; fileEncoding = 4; lastKnownFileType = sourcecode.cpp.cpp; path = WorldScene.cpp; sourceTree = "<group>"; };
		607FDE971E2F3DA50028FE64 /* WorldScene.h */ = {isa = PBXFileReference; fileEncoding = 4; lastKnownFileType = sourcecode.c.h; path = WorldScene.h; sourceTree = "<group>"; };
		607FDE9C1E2F3DF00028FE64 /* SceneModel.cpp */ = {isa = PBXFileReference; fileEncoding = 4; lastKnownFileType = sourcecode.cpp.cpp; path = SceneModel.cpp; sourceTree = "<group>"; };
		607FDE9D1E2F3DF00028FE64 /* SceneModel.hpp */ = {isa = PBXFileReference; fileEncoding = 4; lastKnownFileType = sourcecode.cpp.h; path = SceneModel.hpp; sourceTree = "<group>"; };
		607FDEA21E2F86970028FE64 /* HouseScene_55.cpp */ = {isa = PBXFileReference; fileEncoding = 4; lastKnownFileType = sourcecode.cpp.cpp; path = HouseScene_55.cpp; sourceTree = "<group>"; };
		607FDEA31E2F86970028FE64 /* HouseScene_55.hpp */ = {isa = PBXFileReference; fileEncoding = 4; lastKnownFileType = sourcecode.cpp.h; path = HouseScene_55.hpp; sourceTree = "<group>"; };
		608120D01E2CCDC0004C3372 /* Building.cpp */ = {isa = PBXFileReference; fileEncoding = 4; lastKnownFileType = sourcecode.cpp.cpp; path = Building.cpp; sourceTree = "<group>"; };
		608120D11E2CCDC0004C3372 /* Building.hpp */ = {isa = PBXFileReference; fileEncoding = 4; lastKnownFileType = sourcecode.cpp.h; path = Building.hpp; sourceTree = "<group>"; };
		608120D21E2CCDC0004C3372 /* House.cpp */ = {isa = PBXFileReference; fileEncoding = 4; lastKnownFileType = sourcecode.cpp.cpp; path = House.cpp; sourceTree = "<group>"; };
		608120D31E2CCDC0004C3372 /* House.hpp */ = {isa = PBXFileReference; fileEncoding = 4; lastKnownFileType = sourcecode.cpp.h; path = House.hpp; sourceTree = "<group>"; };
		608120D81E2CD37E004C3372 /* HomeBuilding.cpp */ = {isa = PBXFileReference; fileEncoding = 4; lastKnownFileType = sourcecode.cpp.cpp; path = HomeBuilding.cpp; sourceTree = "<group>"; };
		608120D91E2CD37E004C3372 /* HomeBuilding.hpp */ = {isa = PBXFileReference; fileEncoding = 4; lastKnownFileType = sourcecode.cpp.h; path = HomeBuilding.hpp; sourceTree = "<group>"; };
		608120DC1E2CD598004C3372 /* VirtualBuild.cpp */ = {isa = PBXFileReference; fileEncoding = 4; lastKnownFileType = sourcecode.cpp.cpp; path = VirtualBuild.cpp; sourceTree = "<group>"; };
		608120DD1E2CD598004C3372 /* VirtualBuild.hpp */ = {isa = PBXFileReference; fileEncoding = 4; lastKnownFileType = sourcecode.cpp.h; path = VirtualBuild.hpp; sourceTree = "<group>"; };
		6084F6301E27637C00DA07AB /* Goods.cpp */ = {isa = PBXFileReference; fileEncoding = 4; lastKnownFileType = sourcecode.cpp.cpp; path = Goods.cpp; sourceTree = "<group>"; };
		6084F6311E27637C00DA07AB /* Goods.hpp */ = {isa = PBXFileReference; fileEncoding = 4; lastKnownFileType = sourcecode.cpp.h; path = Goods.hpp; sourceTree = "<group>"; };
		6084F6351E276E1600DA07AB /* Book.cpp */ = {isa = PBXFileReference; fileEncoding = 4; lastKnownFileType = sourcecode.cpp.cpp; path = Book.cpp; sourceTree = "<group>"; };
		6084F6361E276E1600DA07AB /* Book.hpp */ = {isa = PBXFileReference; fileEncoding = 4; lastKnownFileType = sourcecode.cpp.h; path = Book.hpp; sourceTree = "<group>"; };
		6084F63B1E27AB5200DA07AB /* BookCreateView.cpp */ = {isa = PBXFileReference; fileEncoding = 4; lastKnownFileType = sourcecode.cpp.cpp; path = BookCreateView.cpp; sourceTree = "<group>"; };
		6084F63C1E27AB5200DA07AB /* BookCreateView.hpp */ = {isa = PBXFileReference; fileEncoding = 4; lastKnownFileType = sourcecode.cpp.h; path = BookCreateView.hpp; sourceTree = "<group>"; };
		608609511E250D4200AEA9B5 /* NPCRole.cpp */ = {isa = PBXFileReference; fileEncoding = 4; lastKnownFileType = sourcecode.cpp.cpp; path = NPCRole.cpp; sourceTree = "<group>"; };
		608609521E250D4200AEA9B5 /* NPCRole.hpp */ = {isa = PBXFileReference; fileEncoding = 4; lastKnownFileType = sourcecode.cpp.h; path = NPCRole.hpp; sourceTree = "<group>"; };
		60871F791E12781600C58C79 /* EquipView.cpp */ = {isa = PBXFileReference; fileEncoding = 4; lastKnownFileType = sourcecode.cpp.cpp; path = EquipView.cpp; sourceTree = "<group>"; };
		60871F7A1E12781600C58C79 /* EquipView.hpp */ = {isa = PBXFileReference; fileEncoding = 4; lastKnownFileType = sourcecode.cpp.h; path = EquipView.hpp; sourceTree = "<group>"; };
		6088CC9A1E1E1F8100345904 /* RapidXMLParser.cpp */ = {isa = PBXFileReference; fileEncoding = 4; lastKnownFileType = sourcecode.cpp.cpp; path = RapidXMLParser.cpp; sourceTree = "<group>"; };
		6088CC9B1E1E1F8100345904 /* RapidXMLParser.hpp */ = {isa = PBXFileReference; fileEncoding = 4; lastKnownFileType = sourcecode.cpp.h; path = RapidXMLParser.hpp; sourceTree = "<group>"; };
		6088CC9F1E1E216300345904 /* rapidxml.hpp */ = {isa = PBXFileReference; fileEncoding = 4; lastKnownFileType = sourcecode.cpp.h; path = rapidxml.hpp; sourceTree = "<group>"; };
		6088CCA01E1E216300345904 /* rapidxml_iterators.hpp */ = {isa = PBXFileReference; fileEncoding = 4; lastKnownFileType = sourcecode.cpp.h; path = rapidxml_iterators.hpp; sourceTree = "<group>"; };
		6088CCA11E1E216300345904 /* rapidxml_print.hpp */ = {isa = PBXFileReference; fileEncoding = 4; lastKnownFileType = sourcecode.cpp.h; path = rapidxml_print.hpp; sourceTree = "<group>"; };
		6088CCA21E1E216300345904 /* rapidxml_utils.hpp */ = {isa = PBXFileReference; fileEncoding = 4; lastKnownFileType = sourcecode.cpp.h; path = rapidxml_utils.hpp; sourceTree = "<group>"; };
		6088CCA31E1E260300345904 /* data */ = {isa = PBXFileReference; lastKnownFileType = folder; path = data; sourceTree = "<group>"; };
		6088CCAF1E1E443F00345904 /* Equip.cpp */ = {isa = PBXFileReference; fileEncoding = 4; lastKnownFileType = sourcecode.cpp.cpp; path = Equip.cpp; sourceTree = "<group>"; };
		6088CCB01E1E443F00345904 /* Equip.hpp */ = {isa = PBXFileReference; fileEncoding = 4; lastKnownFileType = sourcecode.cpp.h; path = Equip.hpp; sourceTree = "<group>"; };
		6088CCB11E1E443F00345904 /* BodyEquip.cpp */ = {isa = PBXFileReference; fileEncoding = 4; lastKnownFileType = sourcecode.cpp.cpp; path = BodyEquip.cpp; sourceTree = "<group>"; };
		6088CCB21E1E443F00345904 /* BodyEquip.hpp */ = {isa = PBXFileReference; fileEncoding = 4; lastKnownFileType = sourcecode.cpp.h; path = BodyEquip.hpp; sourceTree = "<group>"; };
		6088CCB31E1E443F00345904 /* Weapon.cpp */ = {isa = PBXFileReference; fileEncoding = 4; lastKnownFileType = sourcecode.cpp.cpp; path = Weapon.cpp; sourceTree = "<group>"; };
		6088CCB41E1E443F00345904 /* Weapon.hpp */ = {isa = PBXFileReference; fileEncoding = 4; lastKnownFileType = sourcecode.cpp.h; path = Weapon.hpp; sourceTree = "<group>"; };
		608ADE5A1E1CD3C80095EDB8 /* TouchNode.cpp */ = {isa = PBXFileReference; fileEncoding = 4; lastKnownFileType = sourcecode.cpp.cpp; path = TouchNode.cpp; sourceTree = "<group>"; };
		608ADE5B1E1CD3C80095EDB8 /* TouchNode.hpp */ = {isa = PBXFileReference; fileEncoding = 4; lastKnownFileType = sourcecode.cpp.h; path = TouchNode.hpp; sourceTree = "<group>"; };
		608CB4331E30B7C800467B42 /* sqlite3.c */ = {isa = PBXFileReference; fileEncoding = 4; lastKnownFileType = sourcecode.c.c; path = sqlite3.c; sourceTree = "<group>"; };
		608CB4341E30B7C800467B42 /* sqlite3.h */ = {isa = PBXFileReference; fileEncoding = 4; lastKnownFileType = sourcecode.c.h; path = sqlite3.h; sourceTree = "<group>"; };
		608CB4381E30C18B00467B42 /* SqliteHelper.cpp */ = {isa = PBXFileReference; fileEncoding = 4; lastKnownFileType = sourcecode.cpp.cpp; path = SqliteHelper.cpp; sourceTree = "<group>"; };
		608CB4391E30C18B00467B42 /* SqliteHelper.hpp */ = {isa = PBXFileReference; fileEncoding = 4; lastKnownFileType = sourcecode.cpp.h; path = SqliteHelper.hpp; sourceTree = "<group>"; };
		609D5CFB1E16575600752DFC /* ResourseController.cpp */ = {isa = PBXFileReference; fileEncoding = 4; lastKnownFileType = sourcecode.cpp.cpp; path = ResourseController.cpp; sourceTree = "<group>"; };
		609D5CFC1E16575600752DFC /* ResourseController.hpp */ = {isa = PBXFileReference; fileEncoding = 4; lastKnownFileType = sourcecode.cpp.h; path = ResourseController.hpp; sourceTree = "<group>"; };
		609D5D011E165A2900752DFC /* Wood.cpp */ = {isa = PBXFileReference; fileEncoding = 4; lastKnownFileType = sourcecode.cpp.cpp; path = Wood.cpp; sourceTree = "<group>"; };
		609D5D021E165A2900752DFC /* Wood.hpp */ = {isa = PBXFileReference; fileEncoding = 4; lastKnownFileType = sourcecode.cpp.h; path = Wood.hpp; sourceTree = "<group>"; };
		609D5D051E165A3A00752DFC /* Resourse.cpp */ = {isa = PBXFileReference; fileEncoding = 4; lastKnownFileType = sourcecode.cpp.cpp; path = Resourse.cpp; sourceTree = "<group>"; };
		609D5D061E165A3A00752DFC /* Resourse.hpp */ = {isa = PBXFileReference; fileEncoding = 4; lastKnownFileType = sourcecode.cpp.h; path = Resourse.hpp; sourceTree = "<group>"; };
		609EC7071E2DC52300B7ADF9 /* BuildingView.cpp */ = {isa = PBXFileReference; fileEncoding = 4; lastKnownFileType = sourcecode.cpp.cpp; path = BuildingView.cpp; sourceTree = "<group>"; };
		609EC7081E2DC52300B7ADF9 /* BuildingView.hpp */ = {isa = PBXFileReference; fileEncoding = 4; lastKnownFileType = sourcecode.cpp.h; path = BuildingView.hpp; sourceTree = "<group>"; };
		609EC70C1E2DF33100B7ADF9 /* UsedRes.cpp */ = {isa = PBXFileReference; fileEncoding = 4; lastKnownFileType = sourcecode.cpp.cpp; path = UsedRes.cpp; sourceTree = "<group>"; };
		609EC70D1E2DF33100B7ADF9 /* UsedRes.hpp */ = {isa = PBXFileReference; fileEncoding = 4; lastKnownFileType = sourcecode.cpp.h; path = UsedRes.hpp; sourceTree = "<group>"; };
		609EC7111E2E0B1300B7ADF9 /* ConfirmNumberView.cpp */ = {isa = PBXFileReference; fileEncoding = 4; lastKnownFileType = sourcecode.cpp.cpp; path = ConfirmNumberView.cpp; sourceTree = "<group>"; };
		609EC7121E2E0B1300B7ADF9 /* ConfirmNumberView.hpp */ = {isa = PBXFileReference; fileEncoding = 4; lastKnownFileType = sourcecode.cpp.h; path = ConfirmNumberView.hpp; sourceTree = "<group>"; };
		60A1A05F1E34AB00000173E1 /* Tree.cpp */ = {isa = PBXFileReference; fileEncoding = 4; lastKnownFileType = sourcecode.cpp.cpp; path = Tree.cpp; sourceTree = "<group>"; };
		60A1A0601E34AB00000173E1 /* Tree.hpp */ = {isa = PBXFileReference; fileEncoding = 4; lastKnownFileType = sourcecode.cpp.h; path = Tree.hpp; sourceTree = "<group>"; };
		60A1A0631E34AB8F000173E1 /* MapRes.cpp */ = {isa = PBXFileReference; fileEncoding = 4; lastKnownFileType = sourcecode.cpp.cpp; path = MapRes.cpp; sourceTree = "<group>"; };
		60A1A0641E34AB8F000173E1 /* MapRes.hpp */ = {isa = PBXFileReference; fileEncoding = 4; lastKnownFileType = sourcecode.cpp.h; path = MapRes.hpp; sourceTree = "<group>"; };
		60ABC2A61E13D65C00C8ECAF /* SceneController.cpp */ = {isa = PBXFileReference; fileEncoding = 4; lastKnownFileType = sourcecode.cpp.cpp; path = SceneController.cpp; sourceTree = "<group>"; };
		60ABC2A71E13D65C00C8ECAF /* SceneController.hpp */ = {isa = PBXFileReference; fileEncoding = 4; lastKnownFileType = sourcecode.cpp.h; path = SceneController.hpp; sourceTree = "<group>"; };
		60ABC2AA1E13EE1000C8ECAF /* ActionRole.cpp */ = {isa = PBXFileReference; fileEncoding = 4; lastKnownFileType = sourcecode.cpp.cpp; path = ActionRole.cpp; sourceTree = "<group>"; };
		60ABC2AB1E13EE1000C8ECAF /* ActionRole.hpp */ = {isa = PBXFileReference; fileEncoding = 4; lastKnownFileType = sourcecode.cpp.h; path = ActionRole.hpp; sourceTree = "<group>"; };
		60B6B56F1DF94FB40069A07A /* image */ = {isa = PBXFileReference; lastKnownFileType = folder; path = image; sourceTree = "<group>"; };
		60B6B5771DF959330069A07A /* icon.png */ = {isa = PBXFileReference; lastKnownFileType = image.png; path = icon.png; sourceTree = "<group>"; };
		60B8B6071E0B710C00371D5D /* Role.cpp */ = {isa = PBXFileReference; fileEncoding = 4; lastKnownFileType = sourcecode.cpp.cpp; path = Role.cpp; sourceTree = "<group>"; };
		60B8B6081E0B710C00371D5D /* Role.hpp */ = {isa = PBXFileReference; fileEncoding = 4; lastKnownFileType = sourcecode.cpp.h; path = Role.hpp; sourceTree = "<group>"; };
		60B8B6121E0BD3F100371D5D /* PlayerController.cpp */ = {isa = PBXFileReference; fileEncoding = 4; lastKnownFileType = sourcecode.cpp.cpp; path = PlayerController.cpp; sourceTree = "<group>"; };
		60B8B6131E0BD3F100371D5D /* PlayerController.hpp */ = {isa = PBXFileReference; fileEncoding = 4; lastKnownFileType = sourcecode.cpp.h; path = PlayerController.hpp; sourceTree = "<group>"; };
		60B8FC5F1E11114B0056EF94 /* RolesController.cpp */ = {isa = PBXFileReference; fileEncoding = 4; lastKnownFileType = sourcecode.cpp.cpp; path = RolesController.cpp; sourceTree = "<group>"; };
		60B8FC601E11114B0056EF94 /* RolesController.hpp */ = {isa = PBXFileReference; fileEncoding = 4; lastKnownFileType = sourcecode.cpp.h; path = RolesController.hpp; sourceTree = "<group>"; };
		8262943D1AAF051F00CB7CF7 /* Security.framework */ = {isa = PBXFileReference; lastKnownFileType = wrapper.framework; name = Security.framework; path = System/Library/Frameworks/Security.framework; sourceTree = SDKROOT; };
		BF170DB012928DE900B8313A /* OpenGLES.framework */ = {isa = PBXFileReference; lastKnownFileType = wrapper.framework; name = OpenGLES.framework; path = System/Library/Frameworks/OpenGLES.framework; sourceTree = SDKROOT; };
		BF170DB412928DE900B8313A /* libz.dylib */ = {isa = PBXFileReference; lastKnownFileType = "compiled.mach-o.dylib"; name = libz.dylib; path = usr/lib/libz.dylib; sourceTree = SDKROOT; };
		BF1C47EA1293683800B63C5D /* QuartzCore.framework */ = {isa = PBXFileReference; lastKnownFileType = wrapper.framework; name = QuartzCore.framework; path = System/Library/Frameworks/QuartzCore.framework; sourceTree = SDKROOT; };
		D44C620B132DFF330009C878 /* OpenAL.framework */ = {isa = PBXFileReference; lastKnownFileType = wrapper.framework; name = OpenAL.framework; path = System/Library/Frameworks/OpenAL.framework; sourceTree = SDKROOT; };
		D44C620D132DFF430009C878 /* AVFoundation.framework */ = {isa = PBXFileReference; lastKnownFileType = wrapper.framework; name = AVFoundation.framework; path = System/Library/Frameworks/AVFoundation.framework; sourceTree = SDKROOT; };
		D44C620F132DFF4E0009C878 /* AudioToolbox.framework */ = {isa = PBXFileReference; lastKnownFileType = wrapper.framework; name = AudioToolbox.framework; path = System/Library/Frameworks/AudioToolbox.framework; sourceTree = SDKROOT; };
		D6B0611A1803AB670077942B /* CoreMotion.framework */ = {isa = PBXFileReference; lastKnownFileType = wrapper.framework; name = CoreMotion.framework; path = Platforms/iPhoneOS.platform/Developer/SDKs/iPhoneOS7.0.sdk/System/Library/Frameworks/CoreMotion.framework; sourceTree = DEVELOPER_DIR; };
		ED545A7B1B68A1F400C3958E /* libiconv.dylib */ = {isa = PBXFileReference; lastKnownFileType = "compiled.mach-o.dylib"; name = libiconv.dylib; path = Platforms/iPhoneOS.platform/Developer/SDKs/iPhoneOS8.4.sdk/usr/lib/libiconv.dylib; sourceTree = DEVELOPER_DIR; };
		ED545A7D1B68A1FA00C3958E /* libiconv.dylib */ = {isa = PBXFileReference; lastKnownFileType = "compiled.mach-o.dylib"; name = libiconv.dylib; path = usr/lib/libiconv.dylib; sourceTree = SDKROOT; };
/* End PBXFileReference section */

/* Begin PBXFrameworksBuildPhase section */
		1D60588F0D05DD3D006BFB54 /* Frameworks */ = {
			isa = PBXFrameworksBuildPhase;
			buildActionMask = 2147483647;
			files = (
				294D0D641D0D56D500F7F5D4 /* CoreText.framework in Frameworks */,
				ED545A7C1B68A1F400C3958E /* libiconv.dylib in Frameworks */,
				52B47A471A53D09C004E4C60 /* Security.framework in Frameworks */,
				1AC6FB30180E99EB004C840B /* libcocos2d iOS.a in Frameworks */,
				D6B0611B1803AB670077942B /* CoreMotion.framework in Frameworks */,
				1D60589F0D05DD5A006BFB54 /* Foundation.framework in Frameworks */,
				1DF5F4E00D08C38300B7A737 /* UIKit.framework in Frameworks */,
				288765A50DF7441C002DB57D /* CoreGraphics.framework in Frameworks */,
				BF171245129291EC00B8313A /* OpenGLES.framework in Frameworks */,
				BF1712471292920000B8313A /* libz.dylib in Frameworks */,
				BF1C47F01293687400B63C5D /* QuartzCore.framework in Frameworks */,
				D44C620C132DFF330009C878 /* OpenAL.framework in Frameworks */,
				D44C620E132DFF430009C878 /* AVFoundation.framework in Frameworks */,
				D44C6210132DFF4E0009C878 /* AudioToolbox.framework in Frameworks */,
			);
			runOnlyForDeploymentPostprocessing = 0;
		};
		5087E75C17EB910900C73F5D /* Frameworks */ = {
			isa = PBXFrameworksBuildPhase;
			buildActionMask = 2147483647;
			files = (
				ED545A7E1B68A1FA00C3958E /* libiconv.dylib in Frameworks */,
				1AC6FB21180E996B004C840B /* libcocos2d Mac.a in Frameworks */,
				5087E76717EB910900C73F5D /* libz.dylib in Frameworks */,
				8262943E1AAF051F00CB7CF7 /* Security.framework in Frameworks */,
				503AE11B17EB9C5A00D1A890 /* IOKit.framework in Frameworks */,
				5087E78B17EB975400C73F5D /* OpenGL.framework in Frameworks */,
				5087E78917EB974C00C73F5D /* AppKit.framework in Frameworks */,
				5087E76317EB910900C73F5D /* Foundation.framework in Frameworks */,
				5087E76817EB910900C73F5D /* QuartzCore.framework in Frameworks */,
				5087E76917EB910900C73F5D /* OpenAL.framework in Frameworks */,
				5087E76A17EB910900C73F5D /* AVFoundation.framework in Frameworks */,
				5087E76B17EB910900C73F5D /* AudioToolbox.framework in Frameworks */,
			);
			runOnlyForDeploymentPostprocessing = 0;
		};
/* End PBXFrameworksBuildPhase section */

/* Begin PBXGroup section */
		080E96DDFE201D6D7F000001 /* ios */ = {
			isa = PBXGroup;
			children = (
				5087E77117EB970100C73F5D /* Icons */,
				503AE0FA17EB989F00D1A890 /* AppController.h */,
				503AE0FB17EB989F00D1A890 /* AppController.mm */,
				503AE0FC17EB989F00D1A890 /* main.m */,
				503AE0FD17EB989F00D1A890 /* Prefix.pch */,
				503AE0FE17EB989F00D1A890 /* RootViewController.h */,
				503AE0FF17EB989F00D1A890 /* RootViewController.mm */,
			);
			name = ios;
			path = Classes;
			sourceTree = "<group>";
		};
		19C28FACFE9D520D11CA2CBB /* Products */ = {
			isa = PBXGroup;
			children = (
				1D6058910D05DD3D006BFB54 /* IF.app */,
				5087E76F17EB910900C73F5D /* IF-desktop.app */,
			);
			name = Products;
			sourceTree = "<group>";
		};
		1AC6FAE6180E9839004C840B /* Products */ = {
			isa = PBXGroup;
			children = (
				1AC6FAF9180E9839004C840B /* libcocos2d Mac.a */,
				1AC6FB07180E9839004C840B /* libcocos2d iOS.a */,
				60B6B56E1DF94D9B0069A07A /* libcocos2d tvOS.a */,
			);
			name = Products;
			sourceTree = "<group>";
		};
		29B97314FDCFA39411CA2CEA /* CustomTemplate */ = {
			isa = PBXGroup;
			children = (
				46880B8319C43A87006E1F66 /* Classes */,
				46880B7519C43A67006E1F66 /* Resources */,
				1AC6FAE5180E9839004C840B /* cocos2d_libs.xcodeproj */,
				29B97323FDCFA39411CA2CEA /* Frameworks */,
				080E96DDFE201D6D7F000001 /* ios */,
				503AE10617EB990700D1A890 /* mac */,
				19C28FACFE9D520D11CA2CBB /* Products */,
			);
			name = CustomTemplate;
			sourceTree = "<group>";
		};
		29B97323FDCFA39411CA2CEA /* Frameworks */ = {
			isa = PBXGroup;
			children = (
				294D0D631D0D56D500F7F5D4 /* CoreText.framework */,
				ED545A7D1B68A1FA00C3958E /* libiconv.dylib */,
				ED545A7B1B68A1F400C3958E /* libiconv.dylib */,
				8262943D1AAF051F00CB7CF7 /* Security.framework */,
				52B47A461A53D09B004E4C60 /* Security.framework */,
				D6B0611A1803AB670077942B /* CoreMotion.framework */,
				503AE11A17EB9C5A00D1A890 /* IOKit.framework */,
				503AE11117EB99EE00D1A890 /* libcurl.dylib */,
				5087E78A17EB975400C73F5D /* OpenGL.framework */,
				5087E78817EB974C00C73F5D /* AppKit.framework */,
				1ACB3243164770DE00914215 /* libcurl.a */,
				BF170DB412928DE900B8313A /* libz.dylib */,
				D44C620F132DFF4E0009C878 /* AudioToolbox.framework */,
				D44C620D132DFF430009C878 /* AVFoundation.framework */,
				288765A40DF7441C002DB57D /* CoreGraphics.framework */,
				1D30AB110D05D00D00671497 /* Foundation.framework */,
				D44C620B132DFF330009C878 /* OpenAL.framework */,
				BF170DB012928DE900B8313A /* OpenGLES.framework */,
				BF1C47EA1293683800B63C5D /* QuartzCore.framework */,
				1DF5F4DF0D08C38300B7A737 /* UIKit.framework */,
			);
			name = Frameworks;
			sourceTree = "<group>";
		};
		46880B7519C43A67006E1F66 /* Resources */ = {
			isa = PBXGroup;
			children = (
				6088CCA31E1E260300345904 /* data */,
				607A94001E0A58C700473E9F /* Common */,
				607FD0981E097D6B003798E2 /* ccbi */,
				60B6B56F1DF94FB40069A07A /* image */,
				521A8EA819F11F5000D177D7 /* fonts */,
				3EACC98E19EE6D4300EB3C5E /* res */,
				46880B7619C43A67006E1F66 /* CloseNormal.png */,
				46880B7719C43A67006E1F66 /* CloseSelected.png */,
				46880B7A19C43A67006E1F66 /* HelloWorld.png */,
			);
			name = Resources;
			path = ../Resources;
			sourceTree = "<group>";
		};
		46880B8319C43A87006E1F66 /* Classes */ = {
			isa = PBXGroup;
			children = (
				6076325F1E02976000F07563 /* HSene */,
				46880B8419C43A87006E1F66 /* AppDelegate.cpp */,
				46880B8519C43A87006E1F66 /* AppDelegate.h */,
				607FD0921E096A9E003798E2 /* Ext */,
				601CAAF71E0A94DB003BCC41 /* Tools */,
				607FD0871E0961CF003798E2 /* Loading */,
				601CAAF21E0A9062003BCC41 /* UI */,
				60B8B6011E0B6F6500371D5D /* model */,
				60B8B6101E0BD3C900371D5D /* Controller */,
				60871F781E1277E800C58C79 /* Views */,
			);
			name = Classes;
			path = ../Classes;
			sourceTree = "<group>";
		};
		503AE0F517EB97AB00D1A890 /* Icons */ = {
			isa = PBXGroup;
			children = (
				503AE0F617EB97AB00D1A890 /* Icon.icns */,
				503AE0F717EB97AB00D1A890 /* Info.plist */,
			);
			name = Icons;
			path = mac;
			sourceTree = SOURCE_ROOT;
		};
		503AE10617EB990700D1A890 /* mac */ = {
			isa = PBXGroup;
			children = (
				503AE0F517EB97AB00D1A890 /* Icons */,
				503AE10317EB98FF00D1A890 /* main.cpp */,
				503AE10417EB98FF00D1A890 /* Prefix.pch */,
			);
			name = mac;
			sourceTree = "<group>";
		};
		5087E77117EB970100C73F5D /* Icons */ = {
			isa = PBXGroup;
			children = (
				5087E77317EB970100C73F5D /* Default.png */,
				5087E77417EB970100C73F5D /* Default@2x.png */,
				60B6B5771DF959330069A07A /* icon.png */,
				5087E77C17EB970100C73F5D /* Info.plist */,
			);
			name = Icons;
			path = ios;
			sourceTree = SOURCE_ROOT;
		};
		601CAAF21E0A9062003BCC41 /* UI */ = {
			isa = PBXGroup;
			children = (
				601CAAF31E0A9062003BCC41 /* TouchUI.cpp */,
				601CAAF41E0A9062003BCC41 /* TouchUI.h */,
			);
			path = UI;
			sourceTree = "<group>";
		};
		601CAAF71E0A94DB003BCC41 /* Tools */ = {
			isa = PBXGroup;
			children = (
				601CAAF81E0A94DB003BCC41 /* CommonHead.h */,
				601CAAF91E0A94DB003BCC41 /* TouchDelegateView.cpp */,
				601CAAFA1E0A94DB003BCC41 /* TouchDelegateView.hpp */,
				601CAAFD1E0A9537003BCC41 /* CommonUtils.cpp */,
				601CAAFE1E0A9537003BCC41 /* CommonUtils.hpp */,
			);
			path = Tools;
			sourceTree = "<group>";
		};
		6076325F1E02976000F07563 /* HSene */ = {
			isa = PBXGroup;
			children = (
				46880B8619C43A87006E1F66 /* HelloWorldScene.cpp */,
				46880B8719C43A87006E1F66 /* HelloWorldScene.h */,
			);
			name = HSene;
			sourceTree = "<group>";
		};
		607FD0871E0961CF003798E2 /* Loading */ = {
			isa = PBXGroup;
			children = (
				607FD0881E0961CF003798E2 /* GameLoadingScene.cpp */,
				607FD0891E0961CF003798E2 /* GameLoadingScene.h */,
			);
			path = Loading;
			sourceTree = "<group>";
		};
		607FD0921E096A9E003798E2 /* Ext */ = {
			isa = PBXGroup;
			children = (
				608CB4321E30B7C800467B42 /* Sqlite */,
				607FD0931E096A9E003798E2 /* GUI */,
				6088CC9E1E1E216300345904 /* rapidxml */,
				6088CC9A1E1E1F8100345904 /* RapidXMLParser.cpp */,
				6088CC9B1E1E1F8100345904 /* RapidXMLParser.hpp */,
			);
			path = Ext;
			sourceTree = "<group>";
		};
		607FD0931E096A9E003798E2 /* GUI */ = {
			isa = PBXGroup;
			children = (
				607FD0941E096AD0003798E2 /* CCBLoadHelper.cpp */,
				607FD0951E096AD0003798E2 /* CCBLoadHelper.hpp */,
			);
			path = GUI;
			sourceTree = "<group>";
		};
		607FDE931E2F3DA50028FE64 /* Scene */ = {
			isa = PBXGroup;
			children = (
				607FDE9C1E2F3DF00028FE64 /* SceneModel.cpp */,
				607FDE9D1E2F3DF00028FE64 /* SceneModel.hpp */,
				607FDE941E2F3DA50028FE64 /* TestHouseScene.cpp */,
				607FDE951E2F3DA50028FE64 /* TestHouseScene.hpp */,
				607FDE961E2F3DA50028FE64 /* WorldScene.cpp */,
				607FDE971E2F3DA50028FE64 /* WorldScene.h */,
				607FDEA21E2F86970028FE64 /* HouseScene_55.cpp */,
				607FDEA31E2F86970028FE64 /* HouseScene_55.hpp */,
			);
			path = Scene;
			sourceTree = "<group>";
		};
		608120CF1E2CCDC0004C3372 /* Building */ = {
			isa = PBXGroup;
			children = (
				608120D01E2CCDC0004C3372 /* Building.cpp */,
				608120D11E2CCDC0004C3372 /* Building.hpp */,
				608120DC1E2CD598004C3372 /* VirtualBuild.cpp */,
				608120DD1E2CD598004C3372 /* VirtualBuild.hpp */,
				608120D21E2CCDC0004C3372 /* House.cpp */,
				608120D31E2CCDC0004C3372 /* House.hpp */,
				608120D81E2CD37E004C3372 /* HomeBuilding.cpp */,
				608120D91E2CD37E004C3372 /* HomeBuilding.hpp */,
			);
			path = Building;
			sourceTree = "<group>";
		};
		6084F62E1E27609100DA07AB /* Goods */ = {
			isa = PBXGroup;
			children = (
				6084F6301E27637C00DA07AB /* Goods.cpp */,
				6084F6311E27637C00DA07AB /* Goods.hpp */,
				6084F6351E276E1600DA07AB /* Book.cpp */,
				6084F6361E276E1600DA07AB /* Book.hpp */,
			);
			path = Goods;
			sourceTree = "<group>";
		};
		6086094F1E250D1500AEA9B5 /* NPC */ = {
			isa = PBXGroup;
			children = (
				608609511E250D4200AEA9B5 /* NPCRole.cpp */,
				608609521E250D4200AEA9B5 /* NPCRole.hpp */,
				607B6AA81E265E0900C3052B /* Player.cpp */,
				607B6AA91E265E0900C3052B /* Player.hpp */,
			);
			path = NPC;
			sourceTree = "<group>";
		};
		60871F781E1277E800C58C79 /* Views */ = {
			isa = PBXGroup;
			children = (
				60871F791E12781600C58C79 /* EquipView.cpp */,
				60871F7A1E12781600C58C79 /* EquipView.hpp */,
				6084F63B1E27AB5200DA07AB /* BookCreateView.cpp */,
				6084F63C1E27AB5200DA07AB /* BookCreateView.hpp */,
				609EC7071E2DC52300B7ADF9 /* BuildingView.cpp */,
				609EC7081E2DC52300B7ADF9 /* BuildingView.hpp */,
				609EC7111E2E0B1300B7ADF9 /* ConfirmNumberView.cpp */,
				609EC7121E2E0B1300B7ADF9 /* ConfirmNumberView.hpp */,
			);
			path = Views;
			sourceTree = "<group>";
		};
		6088CC9E1E1E216300345904 /* rapidxml */ = {
			isa = PBXGroup;
			children = (
				6088CC9F1E1E216300345904 /* rapidxml.hpp */,
				6088CCA01E1E216300345904 /* rapidxml_iterators.hpp */,
				6088CCA11E1E216300345904 /* rapidxml_print.hpp */,
				6088CCA21E1E216300345904 /* rapidxml_utils.hpp */,
			);
			path = rapidxml;
			sourceTree = "<group>";
		};
		6088CCAE1E1E443F00345904 /* Equip */ = {
			isa = PBXGroup;
			children = (
				6088CCAF1E1E443F00345904 /* Equip.cpp */,
				6088CCB01E1E443F00345904 /* Equip.hpp */,
				6088CCB31E1E443F00345904 /* Weapon.cpp */,
				6088CCB41E1E443F00345904 /* Weapon.hpp */,
				6088CCB11E1E443F00345904 /* BodyEquip.cpp */,
				6088CCB21E1E443F00345904 /* BodyEquip.hpp */,
			);
			path = Equip;
			sourceTree = "<group>";
		};
		608CB4321E30B7C800467B42 /* Sqlite */ = {
			isa = PBXGroup;
			children = (
				608CB4331E30B7C800467B42 /* sqlite3.c */,
				608CB4341E30B7C800467B42 /* sqlite3.h */,
				608CB4381E30C18B00467B42 /* SqliteHelper.cpp */,
				608CB4391E30C18B00467B42 /* SqliteHelper.hpp */,
			);
			path = Sqlite;
			sourceTree = "<group>";
		};
		609D5D001E165A1000752DFC /* Resourse */ = {
			isa = PBXGroup;
			children = (
				6084F62E1E27609100DA07AB /* Goods */,
				6088CCAE1E1E443F00345904 /* Equip */,
				609D5D051E165A3A00752DFC /* Resourse.cpp */,
				609D5D061E165A3A00752DFC /* Resourse.hpp */,
				609EC70C1E2DF33100B7ADF9 /* UsedRes.cpp */,
				609EC70D1E2DF33100B7ADF9 /* UsedRes.hpp */,
				609D5D011E165A2900752DFC /* Wood.cpp */,
				609D5D021E165A2900752DFC /* Wood.hpp */,
			);
			path = Resourse;
			sourceTree = "<group>";
		};
		60A1A05E1E34AB00000173E1 /* MapRes */ = {
			isa = PBXGroup;
			children = (
				60A1A0631E34AB8F000173E1 /* MapRes.cpp */,
				60A1A0641E34AB8F000173E1 /* MapRes.hpp */,
				60A1A05F1E34AB00000173E1 /* Tree.cpp */,
				60A1A0601E34AB00000173E1 /* Tree.hpp */,
			);
			path = MapRes;
			sourceTree = "<group>";
		};
		60B8B6011E0B6F6500371D5D /* model */ = {
			isa = PBXGroup;
			children = (
				608ADE5A1E1CD3C80095EDB8 /* TouchNode.cpp */,
				608ADE5B1E1CD3C80095EDB8 /* TouchNode.hpp */,
				607FDE931E2F3DA50028FE64 /* Scene */,
				60B8B6021E0B6F6500371D5D /* role */,
			);
			path = model;
			sourceTree = "<group>";
		};
		60B8B6021E0B6F6500371D5D /* role */ = {
			isa = PBXGroup;
			children = (
				60B8B6071E0B710C00371D5D /* Role.cpp */,
				60B8B6081E0B710C00371D5D /* Role.hpp */,
				60ABC2AA1E13EE1000C8ECAF /* ActionRole.cpp */,
				60ABC2AB1E13EE1000C8ECAF /* ActionRole.hpp */,
				6086094F1E250D1500AEA9B5 /* NPC */,
				609D5D001E165A1000752DFC /* Resourse */,
				60A1A05E1E34AB00000173E1 /* MapRes */,
				608120CF1E2CCDC0004C3372 /* Building */,
			);
			path = role;
			sourceTree = "<group>";
		};
		60B8B6101E0BD3C900371D5D /* Controller */ = {
			isa = PBXGroup;
			children = (
				60B8B6121E0BD3F100371D5D /* PlayerController.cpp */,
				60B8B6131E0BD3F100371D5D /* PlayerController.hpp */,
				60B8FC5F1E11114B0056EF94 /* RolesController.cpp */,
				60B8FC601E11114B0056EF94 /* RolesController.hpp */,
				60ABC2A61E13D65C00C8ECAF /* SceneController.cpp */,
				60ABC2A71E13D65C00C8ECAF /* SceneController.hpp */,
				609D5CFB1E16575600752DFC /* ResourseController.cpp */,
				609D5CFC1E16575600752DFC /* ResourseController.hpp */,
			);
			path = Controller;
			sourceTree = "<group>";
		};
/* End PBXGroup section */

/* Begin PBXNativeTarget section */
		1D6058900D05DD3D006BFB54 /* IF */ = {
			isa = PBXNativeTarget;
			buildConfigurationList = 1D6058960D05DD3E006BFB54 /* Build configuration list for PBXNativeTarget "IF" */;
			buildPhases = (
				1D60588D0D05DD3D006BFB54 /* Resources */,
				1D60588E0D05DD3D006BFB54 /* Sources */,
				1D60588F0D05DD3D006BFB54 /* Frameworks */,
			);
			buildRules = (
			);
			dependencies = (
				1AC6FB25180E99E1004C840B /* PBXTargetDependency */,
			);
			name = IF;
			productName = iphone;
			productReference = 1D6058910D05DD3D006BFB54 /* IF.app */;
			productType = "com.apple.product-type.application";
		};
		5087E73D17EB910900C73F5D /* IF-desktop */ = {
			isa = PBXNativeTarget;
			buildConfigurationList = 5087E76C17EB910900C73F5D /* Build configuration list for PBXNativeTarget "IF-desktop" */;
			buildPhases = (
				5087E74817EB910900C73F5D /* Resources */,
				5087E75617EB910900C73F5D /* Sources */,
				5087E75C17EB910900C73F5D /* Frameworks */,
			);
			buildRules = (
			);
			dependencies = (
				1AC6FB16180E9959004C840B /* PBXTargetDependency */,
			);
			name = "IF-desktop";
			productName = iphone;
			productReference = 5087E76F17EB910900C73F5D /* IF-desktop.app */;
			productType = "com.apple.product-type.application";
		};
/* End PBXNativeTarget section */

/* Begin PBXProject section */
		29B97313FDCFA39411CA2CEA /* Project object */ = {
			isa = PBXProject;
			attributes = {
				LastUpgradeCheck = 0500;
				TargetAttributes = {
					1D6058900D05DD3D006BFB54 = {
						DevelopmentTeam = J3XX9WWYD9;
					};
				};
			};
			buildConfigurationList = C01FCF4E08A954540054247B /* Build configuration list for PBXProject "IF" */;
			compatibilityVersion = "Xcode 3.2";
			developmentRegion = English;
			hasScannedForEncodings = 1;
			knownRegions = (
				English,
				Japanese,
				French,
				German,
			);
			mainGroup = 29B97314FDCFA39411CA2CEA /* CustomTemplate */;
			projectDirPath = "";
			projectReferences = (
				{
					ProductGroup = 1AC6FAE6180E9839004C840B /* Products */;
					ProjectRef = 1AC6FAE5180E9839004C840B /* cocos2d_libs.xcodeproj */;
				},
			);
			projectRoot = "";
			targets = (
				1D6058900D05DD3D006BFB54 /* IF */,
				5087E73D17EB910900C73F5D /* IF-desktop */,
			);
		};
/* End PBXProject section */

/* Begin PBXReferenceProxy section */
		1AC6FAF9180E9839004C840B /* libcocos2d Mac.a */ = {
			isa = PBXReferenceProxy;
			fileType = archive.ar;
			path = "libcocos2d Mac.a";
			remoteRef = 1AC6FAF8180E9839004C840B /* PBXContainerItemProxy */;
			sourceTree = BUILT_PRODUCTS_DIR;
		};
		1AC6FB07180E9839004C840B /* libcocos2d iOS.a */ = {
			isa = PBXReferenceProxy;
			fileType = archive.ar;
			path = "libcocos2d iOS.a";
			remoteRef = 1AC6FB06180E9839004C840B /* PBXContainerItemProxy */;
			sourceTree = BUILT_PRODUCTS_DIR;
		};
		60B6B56E1DF94D9B0069A07A /* libcocos2d tvOS.a */ = {
			isa = PBXReferenceProxy;
			fileType = archive.ar;
			path = "libcocos2d tvOS.a";
			remoteRef = 60B6B56D1DF94D9B0069A07A /* PBXContainerItemProxy */;
			sourceTree = BUILT_PRODUCTS_DIR;
		};
/* End PBXReferenceProxy section */

/* Begin PBXResourcesBuildPhase section */
		1D60588D0D05DD3D006BFB54 /* Resources */ = {
			isa = PBXResourcesBuildPhase;
			buildActionMask = 2147483647;
			files = (
				60B6B5701DF94FB40069A07A /* image in Resources */,
				5087E77F17EB970100C73F5D /* Default@2x.png in Resources */,
				60B6B5781DF959330069A07A /* icon.png in Resources */,
				607A94011E0A58C700473E9F /* Common in Resources */,
				607FD0991E097D6B003798E2 /* ccbi in Resources */,
				46880B8119C43A67006E1F66 /* HelloWorld.png in Resources */,
				46880B7D19C43A67006E1F66 /* CloseSelected.png in Resources */,
				521A8EA919F11F5000D177D7 /* fonts in Resources */,
				3EACC98F19EE6D4300EB3C5E /* res in Resources */,
				5087E77E17EB970100C73F5D /* Default.png in Resources */,
				6088CCA41E1E260300345904 /* data in Resources */,
				46880B7B19C43A67006E1F66 /* CloseNormal.png in Resources */,
			);
			runOnlyForDeploymentPostprocessing = 0;
		};
		5087E74817EB910900C73F5D /* Resources */ = {
			isa = PBXResourcesBuildPhase;
			buildActionMask = 2147483647;
			files = (
				46880B8219C43A67006E1F66 /* HelloWorld.png in Resources */,
				503AE0F817EB97AB00D1A890 /* Icon.icns in Resources */,
				3EACC99019EE6D4300EB3C5E /* res in Resources */,
				6088CCA51E1E260300345904 /* data in Resources */,
				521A8EAA19F11F5000D177D7 /* fonts in Resources */,
				60B6B5791DF959330069A07A /* icon.png in Resources */,
				607A94021E0A58C700473E9F /* Common in Resources */,
				60B6B5711DF94FB40069A07A /* image in Resources */,
				46880B7C19C43A67006E1F66 /* CloseNormal.png in Resources */,
				46880B7E19C43A67006E1F66 /* CloseSelected.png in Resources */,
				607FD09A1E097D6B003798E2 /* ccbi in Resources */,
			);
			runOnlyForDeploymentPostprocessing = 0;
		};
/* End PBXResourcesBuildPhase section */

/* Begin PBXSourcesBuildPhase section */
		1D60588E0D05DD3D006BFB54 /* Sources */ = {
			isa = PBXSourcesBuildPhase;
			buildActionMask = 2147483647;
			files = (
				46880B8819C43A87006E1F66 /* AppDelegate.cpp in Sources */,
				60871F7B1E12781600C58C79 /* EquipView.cpp in Sources */,
				609EC7131E2E0B1300B7ADF9 /* ConfirmNumberView.cpp in Sources */,
				607FD0961E096AD0003798E2 /* CCBLoadHelper.cpp in Sources */,
				60ABC2AC1E13EE1000C8ECAF /* ActionRole.cpp in Sources */,
				6084F6371E276E1600DA07AB /* Book.cpp in Sources */,
				6088CCB71E1E443F00345904 /* BodyEquip.cpp in Sources */,
				46880B8A19C43A87006E1F66 /* HelloWorldScene.cpp in Sources */,
				607FDE9A1E2F3DA50028FE64 /* WorldScene.cpp in Sources */,
				609D5D071E165A3A00752DFC /* Resourse.cpp in Sources */,
				607FDE981E2F3DA50028FE64 /* TestHouseScene.cpp in Sources */,
				503AE10017EB989F00D1A890 /* AppController.mm in Sources */,
				60B8B6141E0BD3F100371D5D /* PlayerController.cpp in Sources */,
				503AE10217EB989F00D1A890 /* RootViewController.mm in Sources */,
				607FDE9E1E2F3DF00028FE64 /* SceneModel.cpp in Sources */,
				60A1A0651E34AB8F000173E1 /* MapRes.cpp in Sources */,
				607FD08A1E0961CF003798E2 /* GameLoadingScene.cpp in Sources */,
				601CAAFF1E0A9537003BCC41 /* CommonUtils.cpp in Sources */,
				607B6AAA1E265E0900C3052B /* Player.cpp in Sources */,
				60A1A0611E34AB00000173E1 /* Tree.cpp in Sources */,
				608120D41E2CCDC0004C3372 /* Building.cpp in Sources */,
				608CB4351E30B7C800467B42 /* sqlite3.c in Sources */,
				60ABC2A81E13D65C00C8ECAF /* SceneController.cpp in Sources */,
				601CAAFB1E0A94DB003BCC41 /* TouchDelegateView.cpp in Sources */,
				609D5CFD1E16575600752DFC /* ResourseController.cpp in Sources */,
				608609531E250D4200AEA9B5 /* NPCRole.cpp in Sources */,
				609EC70E1E2DF33100B7ADF9 /* UsedRes.cpp in Sources */,
				608120D61E2CCDC0004C3372 /* House.cpp in Sources */,
				6084F6321E27637C00DA07AB /* Goods.cpp in Sources */,
				608CB43A1E30C18B00467B42 /* SqliteHelper.cpp in Sources */,
				608120DA1E2CD37E004C3372 /* HomeBuilding.cpp in Sources */,
				6084F63D1E27AB5200DA07AB /* BookCreateView.cpp in Sources */,
				609EC7091E2DC52300B7ADF9 /* BuildingView.cpp in Sources */,
				503AE10117EB989F00D1A890 /* main.m in Sources */,
				601CAAF51E0A9062003BCC41 /* TouchUI.cpp in Sources */,
				608120DE1E2CD598004C3372 /* VirtualBuild.cpp in Sources */,
				6088CCB51E1E443F00345904 /* Equip.cpp in Sources */,
				609D5D031E165A2900752DFC /* Wood.cpp in Sources */,
				6088CCB91E1E443F00345904 /* Weapon.cpp in Sources */,
				60B8B6091E0B710C00371D5D /* Role.cpp in Sources */,
				6088CC9C1E1E1F8100345904 /* RapidXMLParser.cpp in Sources */,
				60B8FC611E11114B0056EF94 /* RolesController.cpp in Sources */,
				608ADE5C1E1CD3C80095EDB8 /* TouchNode.cpp in Sources */,
				607FDEA41E2F86970028FE64 /* HouseScene_55.cpp in Sources */,
			);
			runOnlyForDeploymentPostprocessing = 0;
		};
		5087E75617EB910900C73F5D /* Sources */ = {
			isa = PBXSourcesBuildPhase;
			buildActionMask = 2147483647;
			files = (
				607FD0971E096AD0003798E2 /* CCBLoadHelper.cpp in Sources */,
				60871F7C1E12781600C58C79 /* EquipView.cpp in Sources */,
				46880B8919C43A87006E1F66 /* AppDelegate.cpp in Sources */,
				608609541E250D4200AEA9B5 /* NPCRole.cpp in Sources */,
				609EC7141E2E0B1300B7ADF9 /* ConfirmNumberView.cpp in Sources */,
				607FD08B1E0961CF003798E2 /* GameLoadingScene.cpp in Sources */,
				6088CC9D1E1E1F8100345904 /* RapidXMLParser.cpp in Sources */,
				607B6AAB1E265E0900C3052B /* Player.cpp in Sources */,
				607FDE9B1E2F3DA50028FE64 /* WorldScene.cpp in Sources */,
				6088CCBA1E1E443F00345904 /* Weapon.cpp in Sources */,
				609D5D041E165A2900752DFC /* Wood.cpp in Sources */,
				607FDEA51E2F86970028FE64 /* HouseScene_55.cpp in Sources */,
				608120D51E2CCDC0004C3372 /* Building.cpp in Sources */,
				60A1A0661E34AB8F000173E1 /* MapRes.cpp in Sources */,
				503AE10517EB98FF00D1A890 /* main.cpp in Sources */,
				607FDE9F1E2F3DF00028FE64 /* SceneModel.cpp in Sources */,
				608ADE5D1E1CD3C80095EDB8 /* TouchNode.cpp in Sources */,
				60ABC2A91E13D65C00C8ECAF /* SceneController.cpp in Sources */,
				46880B8B19C43A87006E1F66 /* HelloWorldScene.cpp in Sources */,
				6088CCB81E1E443F00345904 /* BodyEquip.cpp in Sources */,
				601CAAF61E0A9062003BCC41 /* TouchUI.cpp in Sources */,
				60A1A0621E34AB00000173E1 /* Tree.cpp in Sources */,
				609EC70F1E2DF33100B7ADF9 /* UsedRes.cpp in Sources */,
				609D5CFE1E16575600752DFC /* ResourseController.cpp in Sources */,
				60ABC2AD1E13EE1000C8ECAF /* ActionRole.cpp in Sources */,
				60B8B60A1E0B710C00371D5D /* Role.cpp in Sources */,
				601CAB001E0A9537003BCC41 /* CommonUtils.cpp in Sources */,
				609EC70A1E2DC52300B7ADF9 /* BuildingView.cpp in Sources */,
				608CB43B1E30C18B00467B42 /* SqliteHelper.cpp in Sources */,
				6088CCB61E1E443F00345904 /* Equip.cpp in Sources */,
				607FDE991E2F3DA50028FE64 /* TestHouseScene.cpp in Sources */,
				6084F6381E276E1600DA07AB /* Book.cpp in Sources */,
				608120DB1E2CD37E004C3372 /* HomeBuilding.cpp in Sources */,
				6084F6331E27637C00DA07AB /* Goods.cpp in Sources */,
				6084F63E1E27AB5200DA07AB /* BookCreateView.cpp in Sources */,
				60B8B6151E0BD3F100371D5D /* PlayerController.cpp in Sources */,
				608120D71E2CCDC0004C3372 /* House.cpp in Sources */,
				608120DF1E2CD598004C3372 /* VirtualBuild.cpp in Sources */,
				609D5D081E165A3A00752DFC /* Resourse.cpp in Sources */,
				60B8FC621E11114B0056EF94 /* RolesController.cpp in Sources */,
				601CAAFC1E0A94DB003BCC41 /* TouchDelegateView.cpp in Sources */,
				608CB4361E30B7C800467B42 /* sqlite3.c in Sources */,
			);
			runOnlyForDeploymentPostprocessing = 0;
		};
/* End PBXSourcesBuildPhase section */

/* Begin PBXTargetDependency section */
		1AC6FB16180E9959004C840B /* PBXTargetDependency */ = {
			isa = PBXTargetDependency;
			name = "cocos2dx Mac";
			targetProxy = 1AC6FB15180E9959004C840B /* PBXContainerItemProxy */;
		};
		1AC6FB25180E99E1004C840B /* PBXTargetDependency */ = {
			isa = PBXTargetDependency;
			name = "cocos2dx iOS";
			targetProxy = 1AC6FB24180E99E1004C840B /* PBXContainerItemProxy */;
		};
/* End PBXTargetDependency section */

/* Begin XCBuildConfiguration section */
		1D6058940D05DD3E006BFB54 /* Debug */ = {
			isa = XCBuildConfiguration;
			buildSettings = {
				ALWAYS_SEARCH_USER_PATHS = YES;
				CODE_SIGN_IDENTITY = "iPhone Developer";
				COMPRESS_PNG_FILES = NO;
				DEVELOPMENT_TEAM = J3XX9WWYD9;
				ENABLE_BITCODE = NO;
				GCC_DYNAMIC_NO_PIC = NO;
				GCC_INLINES_ARE_PRIVATE_EXTERN = NO;
				GCC_PRECOMPILE_PREFIX_HEADER = YES;
				GCC_PREFIX_HEADER = ios/Prefix.pch;
				GCC_PREPROCESSOR_DEFINITIONS = (
					USE_FILE32API,
					"COCOS2D_DEBUG=1",
					"CC_ENABLE_CHIPMUNK_INTEGRATION=1",
				);
				GCC_SYMBOLS_PRIVATE_EXTERN = NO;
				HEADER_SEARCH_PATHS = "$(inherited)";
				INFOPLIST_FILE = ios/Info.plist;
				IPHONEOS_DEPLOYMENT_TARGET = 6.0;
				LIBRARY_SEARCH_PATHS = "";
				OTHER_LDFLAGS = (
					"$(_COCOS_LIB_IOS_BEGIN)",
					"$(_COCOS_LIB_IOS_END)",
				);
				PRODUCT_BUNDLE_IDENTIFIER = com.zj123zyx;
				SDKROOT = iphoneos;
				STRIP_PNG_TEXT = NO;
				TARGETED_DEVICE_FAMILY = "1,2";
				USER_HEADER_SEARCH_PATHS = "$(_COCOS_HEADER_IOS_BEGIN) $(_COCOS_HEADER_IOS_END)";
				VALID_ARCHS = "arm64 armv7";
			};
			name = Debug;
		};
		1D6058950D05DD3E006BFB54 /* Release */ = {
			isa = XCBuildConfiguration;
			buildSettings = {
				ALWAYS_SEARCH_USER_PATHS = YES;
				CODE_SIGN_IDENTITY = "iPhone Developer";
				COMPRESS_PNG_FILES = NO;
				DEVELOPMENT_TEAM = J3XX9WWYD9;
				ENABLE_BITCODE = NO;
				GCC_INLINES_ARE_PRIVATE_EXTERN = NO;
				GCC_PRECOMPILE_PREFIX_HEADER = YES;
				GCC_PREFIX_HEADER = ios/Prefix.pch;
				GCC_PREPROCESSOR_DEFINITIONS = (
					USE_FILE32API,
					"CC_ENABLE_CHIPMUNK_INTEGRATION=1",
				);
				GCC_SYMBOLS_PRIVATE_EXTERN = NO;
				HEADER_SEARCH_PATHS = "$(inherited)";
				INFOPLIST_FILE = ios/Info.plist;
				IPHONEOS_DEPLOYMENT_TARGET = 6.0;
				LIBRARY_SEARCH_PATHS = "";
				OTHER_LDFLAGS = (
					"$(_COCOS_LIB_IOS_BEGIN)",
					"$(_COCOS_LIB_IOS_END)",
				);
				PRODUCT_BUNDLE_IDENTIFIER = com.zj123zyx;
				SDKROOT = iphoneos;
				STRIP_PNG_TEXT = NO;
				TARGETED_DEVICE_FAMILY = "1,2";
				USER_HEADER_SEARCH_PATHS = "$(_COCOS_HEADER_IOS_BEGIN) $(_COCOS_HEADER_IOS_END)";
				VALID_ARCHS = "arm64 armv7";
			};
			name = Release;
		};
		5087E76D17EB910900C73F5D /* Debug */ = {
			isa = XCBuildConfiguration;
			buildSettings = {
				ALWAYS_SEARCH_USER_PATHS = YES;
				ARCHS = "$(ARCHS_STANDARD_64_BIT)";
				CLANG_CXX_LANGUAGE_STANDARD = "c++0x";
				CLANG_CXX_LIBRARY = "libc++";
				GCC_DYNAMIC_NO_PIC = NO;
				GCC_INLINES_ARE_PRIVATE_EXTERN = NO;
				GCC_PRECOMPILE_PREFIX_HEADER = YES;
				GCC_PREFIX_HEADER = mac/Prefix.pch;
				GCC_PREPROCESSOR_DEFINITIONS = (
					USE_FILE32API,
					"COCOS2D_DEBUG=1",
					"CC_ENABLE_CHIPMUNK_INTEGRATION=1",
				);
				GCC_SYMBOLS_PRIVATE_EXTERN = NO;
				HEADER_SEARCH_PATHS = (
					"$(inherited)",
					"$(SRCROOT)/../cocos2d/external/glfw3/include/mac",
				);
				INFOPLIST_FILE = mac/Info.plist;
				LIBRARY_SEARCH_PATHS = "";
				OTHER_LDFLAGS = (
					"$(_COCOS_LIB_MAC_BEGIN)",
					"$(_COCOS_LIB_MAC_END)",
				);
				PRODUCT_NAME = "IF-desktop";
				USER_HEADER_SEARCH_PATHS = "$(_COCOS_HEADER_MAC_BEGIN) $(_COCOS_HEADER_MAC_END)";
			};
			name = Debug;
		};
		5087E76E17EB910900C73F5D /* Release */ = {
			isa = XCBuildConfiguration;
			buildSettings = {
				ALWAYS_SEARCH_USER_PATHS = YES;
				ARCHS = "$(ARCHS_STANDARD_64_BIT)";
				CLANG_CXX_LANGUAGE_STANDARD = "c++0x";
				CLANG_CXX_LIBRARY = "libc++";
				GCC_INLINES_ARE_PRIVATE_EXTERN = NO;
				GCC_PRECOMPILE_PREFIX_HEADER = YES;
				GCC_PREFIX_HEADER = mac/Prefix.pch;
				GCC_PREPROCESSOR_DEFINITIONS = (
					USE_FILE32API,
					"CC_ENABLE_CHIPMUNK_INTEGRATION=1",
				);
				GCC_SYMBOLS_PRIVATE_EXTERN = NO;
				HEADER_SEARCH_PATHS = (
					"$(inherited)",
					"$(SRCROOT)/../cocos2d/external/glfw3/include/mac",
				);
				INFOPLIST_FILE = mac/Info.plist;
				LIBRARY_SEARCH_PATHS = "";
				OTHER_LDFLAGS = (
					"$(_COCOS_LIB_MAC_BEGIN)",
					"$(_COCOS_LIB_MAC_END)",
				);
				PRODUCT_NAME = "IF-desktop";
				USER_HEADER_SEARCH_PATHS = "$(_COCOS_HEADER_MAC_BEGIN) $(_COCOS_HEADER_MAC_END)";
			};
			name = Release;
		};
		C01FCF4F08A954540054247B /* Debug */ = {
			isa = XCBuildConfiguration;
			buildSettings = {
				CLANG_CXX_LANGUAGE_STANDARD = "c++0x";
				CLANG_CXX_LIBRARY = "libc++";
				COPY_PHASE_STRIP = NO;
				GCC_OPTIMIZATION_LEVEL = 0;
				GCC_WARN_ABOUT_RETURN_TYPE = YES;
				GCC_WARN_UNUSED_VARIABLE = YES;
				HEADER_SEARCH_PATHS = (
					"$(SRCROOT)/../cocos2d",
					"$(SRCROOT)/../cocos2d/cocos/audio/include",
					"$(SRCROOT)/../cocos2d/cocos",
					"$(SRCROOT)/../cocos2d/extensions",
					"$(SRCROOT)/../cocos2d/external",
					"$(SRCROOT)/../cocos2d/external/chipmunk/include/chipmunk",
				);
				IPHONEOS_DEPLOYMENT_TARGET = 6.0;
				MACOSX_DEPLOYMENT_TARGET = 10.7;
				ONLY_ACTIVE_ARCH = YES;
				PRODUCT_NAME = "$(TARGET_NAME)";
				SDKROOT = macosx;
			};
			name = Debug;
		};
		C01FCF5008A954540054247B /* Release */ = {
			isa = XCBuildConfiguration;
			buildSettings = {
				CLANG_CXX_LANGUAGE_STANDARD = "c++0x";
				CLANG_CXX_LIBRARY = "libc++";
				GCC_WARN_ABOUT_RETURN_TYPE = YES;
				GCC_WARN_UNUSED_VARIABLE = YES;
				HEADER_SEARCH_PATHS = (
					"$(SRCROOT)/../cocos2d",
					"$(SRCROOT)/../cocos2d/cocos/audio/include",
					"$(SRCROOT)/../cocos2d/cocos",
					"$(SRCROOT)/../cocos2d/extensions",
					"$(SRCROOT)/../cocos2d/external",
					"$(SRCROOT)/../cocos2d/external/chipmunk/include/chipmunk",
				);
				IPHONEOS_DEPLOYMENT_TARGET = 6.0;
				MACOSX_DEPLOYMENT_TARGET = 10.7;
				OTHER_CFLAGS = "-DNS_BLOCK_ASSERTIONS=1";
				PRODUCT_NAME = "$(TARGET_NAME)";
				SDKROOT = macosx;
				VALIDATE_PRODUCT = YES;
			};
			name = Release;
		};
/* End XCBuildConfiguration section */

/* Begin XCConfigurationList section */
		1D6058960D05DD3E006BFB54 /* Build configuration list for PBXNativeTarget "IF" */ = {
			isa = XCConfigurationList;
			buildConfigurations = (
				1D6058940D05DD3E006BFB54 /* Debug */,
				1D6058950D05DD3E006BFB54 /* Release */,
			);
			defaultConfigurationIsVisible = 0;
			defaultConfigurationName = Debug;
		};
		5087E76C17EB910900C73F5D /* Build configuration list for PBXNativeTarget "IF-desktop" */ = {
			isa = XCConfigurationList;
			buildConfigurations = (
				5087E76D17EB910900C73F5D /* Debug */,
				5087E76E17EB910900C73F5D /* Release */,
			);
			defaultConfigurationIsVisible = 0;
			defaultConfigurationName = Debug;
		};
		C01FCF4E08A954540054247B /* Build configuration list for PBXProject "IF" */ = {
			isa = XCConfigurationList;
			buildConfigurations = (
				C01FCF4F08A954540054247B /* Debug */,
				C01FCF5008A954540054247B /* Release */,
			);
			defaultConfigurationIsVisible = 0;
			defaultConfigurationName = Debug;
		};
/* End XCConfigurationList section */
	};
	rootObject = 29B97313FDCFA39411CA2CEA /* Project object */;
}
